// !$*UTF8*$!
{
	archiveVersion = 1;
	classes = {
	};
	objectVersion = 46;
	objects = {

/* Begin PBXBuildFile section */
		E6059D5517DC9F0E00C6681B /* Cocoa.framework in Frameworks */ = {isa = PBXBuildFile; fileRef = E6059D5417DC9F0E00C6681B /* Cocoa.framework */; };
		E6059D5917DC9F2A00C6681B /* IOKit.framework in Frameworks */ = {isa = PBXBuildFile; fileRef = E6059D5817DC9F2A00C6681B /* IOKit.framework */; };
		E6059D5B17DCA07800C6681B /* OpenGL.framework in Frameworks */ = {isa = PBXBuildFile; fileRef = E6059D5A17DCA07800C6681B /* OpenGL.framework */; };
		E60B6B6817E362A500C8FEBE /* IslandData.cpp in Sources */ = {isa = PBXBuildFile; fileRef = E60B6B6617E362A500C8FEBE /* IslandData.cpp */; };
		E60B6B6917E362A500C8FEBE /* IslandData.cpp in Sources */ = {isa = PBXBuildFile; fileRef = E60B6B6617E362A500C8FEBE /* IslandData.cpp */; };
		E624BB5B180C0044006ECA21 /* Player.cpp in Sources */ = {isa = PBXBuildFile; fileRef = E624BB59180C0044006ECA21 /* Player.cpp */; };
		E624BB5C180C0044006ECA21 /* Player.cpp in Sources */ = {isa = PBXBuildFile; fileRef = E624BB59180C0044006ECA21 /* Player.cpp */; };
		E624BB76180C4B5A006ECA21 /* ProducerComponent.cpp in Sources */ = {isa = PBXBuildFile; fileRef = E624BB74180C4B5A006ECA21 /* ProducerComponent.cpp */; };
		E624BB77180C4B5A006ECA21 /* ProducerComponent.cpp in Sources */ = {isa = PBXBuildFile; fileRef = E624BB74180C4B5A006ECA21 /* ProducerComponent.cpp */; };
		E6358FBE17FCC89C00A0317B /* BuildingComponent.cpp in Sources */ = {isa = PBXBuildFile; fileRef = E6358FA617FCC89C00A0317B /* BuildingComponent.cpp */; };
		E6358FBF17FCC89C00A0317B /* BuildingComponent.cpp in Sources */ = {isa = PBXBuildFile; fileRef = E6358FA617FCC89C00A0317B /* BuildingComponent.cpp */; };
		E6358FC017FCC89C00A0317B /* BuildingComponentData.cpp in Sources */ = {isa = PBXBuildFile; fileRef = E6358FA817FCC89C00A0317B /* BuildingComponentData.cpp */; };
		E6358FC117FCC89C00A0317B /* BuildingComponentData.cpp in Sources */ = {isa = PBXBuildFile; fileRef = E6358FA817FCC89C00A0317B /* BuildingComponentData.cpp */; };
		E6358FC217FCC89C00A0317B /* Economy.cpp in Sources */ = {isa = PBXBuildFile; fileRef = E6358FAA17FCC89C00A0317B /* Economy.cpp */; };
		E6358FC317FCC89C00A0317B /* Economy.cpp in Sources */ = {isa = PBXBuildFile; fileRef = E6358FAA17FCC89C00A0317B /* Economy.cpp */; };
		E6358FC417FCC89C00A0317B /* GameMenu.cpp in Sources */ = {isa = PBXBuildFile; fileRef = E6358FAC17FCC89C00A0317B /* GameMenu.cpp */; };
		E6358FC517FCC89C00A0317B /* GameMenu.cpp in Sources */ = {isa = PBXBuildFile; fileRef = E6358FAC17FCC89C00A0317B /* GameMenu.cpp */; };
		E6358FC617FCC89C00A0317B /* GameWorld.cpp in Sources */ = {isa = PBXBuildFile; fileRef = E6358FAE17FCC89C00A0317B /* GameWorld.cpp */; };
		E6358FC717FCC89C00A0317B /* GameWorld.cpp in Sources */ = {isa = PBXBuildFile; fileRef = E6358FAE17FCC89C00A0317B /* GameWorld.cpp */; };
		E6358FC817FCC89C00A0317B /* Main.cpp in Sources */ = {isa = PBXBuildFile; fileRef = E6358FB017FCC89C00A0317B /* Main.cpp */; };
		E6358FC917FCC89C00A0317B /* Main.cpp in Sources */ = {isa = PBXBuildFile; fileRef = E6358FB017FCC89C00A0317B /* Main.cpp */; };
		E6358FCA17FCC89C00A0317B /* ResourceComponent.cpp in Sources */ = {isa = PBXBuildFile; fileRef = E6358FB217FCC89C00A0317B /* ResourceComponent.cpp */; };
		E6358FCB17FCC89C00A0317B /* ResourceComponent.cpp in Sources */ = {isa = PBXBuildFile; fileRef = E6358FB217FCC89C00A0317B /* ResourceComponent.cpp */; };
		E6358FCC17FCC89C00A0317B /* ResourceComponentData.cpp in Sources */ = {isa = PBXBuildFile; fileRef = E6358FB417FCC89C00A0317B /* ResourceComponentData.cpp */; };
		E6358FCD17FCC89C00A0317B /* ResourceComponentData.cpp in Sources */ = {isa = PBXBuildFile; fileRef = E6358FB417FCC89C00A0317B /* ResourceComponentData.cpp */; };
		E6358FCE17FCC89C00A0317B /* ScrollCamera.cpp in Sources */ = {isa = PBXBuildFile; fileRef = E6358FB617FCC89C00A0317B /* ScrollCamera.cpp */; };
		E6358FCF17FCC89C00A0317B /* ScrollCamera.cpp in Sources */ = {isa = PBXBuildFile; fileRef = E6358FB617FCC89C00A0317B /* ScrollCamera.cpp */; };
		E6358FD017FCC89C00A0317B /* TreeComponent.cpp in Sources */ = {isa = PBXBuildFile; fileRef = E6358FB817FCC89C00A0317B /* TreeComponent.cpp */; };
		E6358FD117FCC89C00A0317B /* TreeComponent.cpp in Sources */ = {isa = PBXBuildFile; fileRef = E6358FB817FCC89C00A0317B /* TreeComponent.cpp */; };
		E6358FD217FCC89C00A0317B /* TreeComponentData.cpp in Sources */ = {isa = PBXBuildFile; fileRef = E6358FBA17FCC89C00A0317B /* TreeComponentData.cpp */; };
		E6358FD317FCC89C00A0317B /* TreeComponentData.cpp in Sources */ = {isa = PBXBuildFile; fileRef = E6358FBA17FCC89C00A0317B /* TreeComponentData.cpp */; };
		E6358FD417FCC89C00A0317B /* VillageGame.cpp in Sources */ = {isa = PBXBuildFile; fileRef = E6358FBC17FCC89C00A0317B /* VillageGame.cpp */; };
		E6358FD517FCC89C00A0317B /* VillageGame.cpp in Sources */ = {isa = PBXBuildFile; fileRef = E6358FBC17FCC89C00A0317B /* VillageGame.cpp */; };
		E63EAE9417C69EC0006F1456 /* UIKit.framework in Frameworks */ = {isa = PBXBuildFile; fileRef = E63EAE9317C69EC0006F1456 /* UIKit.framework */; };
		E63EAE9617C69EC0006F1456 /* Foundation.framework in Frameworks */ = {isa = PBXBuildFile; fileRef = E63EAE9517C69EC0006F1456 /* Foundation.framework */; };
		E63EAE9817C69EC0006F1456 /* CoreGraphics.framework in Frameworks */ = {isa = PBXBuildFile; fileRef = E63EAE9717C69EC0006F1456 /* CoreGraphics.framework */; };
		E63EAE9E17C69EC0006F1456 /* InfoPlist.strings in Resources */ = {isa = PBXBuildFile; fileRef = E63EAE9C17C69EC0006F1456 /* InfoPlist.strings */; };
		E63EAEA617C69EC0006F1456 /* Default.png in Resources */ = {isa = PBXBuildFile; fileRef = E63EAEA517C69EC0006F1456 /* Default.png */; };
		E63EAEA817C69EC0006F1456 /* Default@2x.png in Resources */ = {isa = PBXBuildFile; fileRef = E63EAEA717C69EC0006F1456 /* Default@2x.png */; };
		E63EAEAA17C69EC0006F1456 /* Default-568h@2x.png in Resources */ = {isa = PBXBuildFile; fileRef = E63EAEA917C69EC0006F1456 /* Default-568h@2x.png */; };
		E63EAEC417C6A0EC006F1456 /* OpenGLES.framework in Frameworks */ = {isa = PBXBuildFile; fileRef = E63EAEC317C6A0EC006F1456 /* OpenGLES.framework */; };
		E63EAEC617C6A0F9006F1456 /* QuartzCore.framework in Frameworks */ = {isa = PBXBuildFile; fileRef = E63EAEC517C6A0F9006F1456 /* QuartzCore.framework */; };
		E63EAED917C6BFF1006F1456 /* libz.dylib in Frameworks */ = {isa = PBXBuildFile; fileRef = E63EAED817C6BFF1006F1456 /* libz.dylib */; };
		E64768D417E123170080BCAF /* libangelscript.a in Frameworks */ = {isa = PBXBuildFile; fileRef = E64768D017E122FB0080BCAF /* libangelscript.a */; };
		E6811CF0180147A100654338 /* 38px-Ashfur_(TC).warrior.png in Resources */ = {isa = PBXBuildFile; fileRef = E6811CAB180147A100654338 /* 38px-Ashfur_(TC).warrior.png */; };
		E6811CF1180147A100654338 /* 595x801_19476_Oriana_2d_fantasy_pathfinder_portrait_scars_knight_girl_woman_picture_image_digital_art.jpg in Resources */ = {isa = PBXBuildFile; fileRef = E6811CAC180147A100654338 /* 595x801_19476_Oriana_2d_fantasy_pathfinder_portrait_scars_knight_girl_woman_picture_image_digital_art.jpg */; };
		E6811CF2180147A100654338 /* Arial.ttf in Resources */ = {isa = PBXBuildFile; fileRef = E6811CAD180147A100654338 /* Arial.ttf */; };
		E6811CF3180147A100654338 /* BuildingsMisc.png in Resources */ = {isa = PBXBuildFile; fileRef = E6811CB0180147A100654338 /* BuildingsMisc.png */; };
		E6811CF4180147A100654338 /* CritterSheet.png in Resources */ = {isa = PBXBuildFile; fileRef = E6811CB1180147A100654338 /* CritterSheet.png */; };
		E6811CF5180147A100654338 /* DragonSheet.png in Resources */ = {isa = PBXBuildFile; fileRef = E6811CB2180147A100654338 /* DragonSheet.png */; };
		E6811CF6180147A100654338 /* HumanArcherSheet.png in Resources */ = {isa = PBXBuildFile; fileRef = E6811CB3180147A100654338 /* HumanArcherSheet.png */; };
		E6811CF7180147A100654338 /* HumanBuildings.png in Resources */ = {isa = PBXBuildFile; fileRef = E6811CB4180147A100654338 /* HumanBuildings.png */; };
		E6811CF8180147A100654338 /* HumanFootmanSheet.png in Resources */ = {isa = PBXBuildFile; fileRef = E6811CB5180147A100654338 /* HumanFootmanSheet.png */; };
		E6811CF9180147A100654338 /* HumanKnightSheet.png in Resources */ = {isa = PBXBuildFile; fileRef = E6811CB6180147A100654338 /* HumanKnightSheet.png */; };
		E6811CFA180147A100654338 /* HumanMageSheet.png in Resources */ = {isa = PBXBuildFile; fileRef = E6811CB7180147A100654338 /* HumanMageSheet.png */; };
		E6811CFB180147A100654338 /* HumanPeasantSheet.png in Resources */ = {isa = PBXBuildFile; fileRef = E6811CB8180147A100654338 /* HumanPeasantSheet.png */; };
		E6811CFC180147A100654338 /* Avatar0.png in Resources */ = {isa = PBXBuildFile; fileRef = E6811CB9180147A100654338 /* Avatar0.png */; };
		E6811CFD180147A100654338 /* Avatar1.png in Resources */ = {isa = PBXBuildFile; fileRef = E6811CBA180147A100654338 /* Avatar1.png */; };
		E6811CFE180147A100654338 /* build.png in Resources */ = {isa = PBXBuildFile; fileRef = E6811CBB180147A100654338 /* build.png */; };
		E6811CFF180147A100654338 /* BuildingDefinitions.xml in Resources */ = {isa = PBXBuildFile; fileRef = E6811CBC180147A100654338 /* BuildingDefinitions.xml */; };
		E6811D00180147A100654338 /* BuildingsMisc.png in Resources */ = {isa = PBXBuildFile; fileRef = E6811CBD180147A100654338 /* BuildingsMisc.png */; };
		E6811D01180147A100654338 /* BuildMenu.xml in Resources */ = {isa = PBXBuildFile; fileRef = E6811CBE180147A100654338 /* BuildMenu.xml */; };
		E6811D02180147A100654338 /* Choicelarge.png in Resources */ = {isa = PBXBuildFile; fileRef = E6811CBF180147A100654338 /* Choicelarge.png */; };
		E6811D03180147A100654338 /* Consolas.ttf in Resources */ = {isa = PBXBuildFile; fileRef = E6811CC0180147A100654338 /* Consolas.ttf */; };
		E6811D04180147A100654338 /* CritterSheet.png in Resources */ = {isa = PBXBuildFile; fileRef = E6811CC1180147A100654338 /* CritterSheet.png */; };
		E6811D05180147A100654338 /* Dialogue.xml in Resources */ = {isa = PBXBuildFile; fileRef = E6811CC2180147A100654338 /* Dialogue.xml */; };
		E6811D06180147A100654338 /* DialogueCircle.png in Resources */ = {isa = PBXBuildFile; fileRef = E6811CC3180147A100654338 /* DialogueCircle.png */; };
		E6811D07180147A100654338 /* DialogueInterface.xml in Resources */ = {isa = PBXBuildFile; fileRef = E6811CC4180147A100654338 /* DialogueInterface.xml */; };
		E6811D08180147A100654338 /* dragon_knight_wallpaper_by_ekoputeh-d2y7tyc.jpg in Resources */ = {isa = PBXBuildFile; fileRef = E6811CC5180147A100654338 /* dragon_knight_wallpaper_by_ekoputeh-d2y7tyc.jpg */; };
		E6811D09180147A100654338 /* DragonSheet.png in Resources */ = {isa = PBXBuildFile; fileRef = E6811CC6180147A100654338 /* DragonSheet.png */; };
		E6811D0A180147A100654338 /* EconomyMenu.xml in Resources */ = {isa = PBXBuildFile; fileRef = E6811CC7180147A100654338 /* EconomyMenu.xml */; };
		E6811D0B180147A100654338 /* Fine_Wool.png in Resources */ = {isa = PBXBuildFile; fileRef = E6811CC8180147A100654338 /* Fine_Wool.png */; };
		E6811D0C180147A100654338 /* Flour.png in Resources */ = {isa = PBXBuildFile; fileRef = E6811CC9180147A100654338 /* Flour.png */; };
		E6811D0D180147A100654338 /* Food.png in Resources */ = {isa = PBXBuildFile; fileRef = E6811CCA180147A100654338 /* Food.png */; };
		E6811D0E180147A100654338 /* GameMenu.xml in Resources */ = {isa = PBXBuildFile; fileRef = E6811CCB180147A100654338 /* GameMenu.xml */; };
		E6811D0F180147A100654338 /* GameResources.xml in Resources */ = {isa = PBXBuildFile; fileRef = E6811CCC180147A100654338 /* GameResources.xml */; };
		E6811D10180147A100654338 /* gradients.png in Resources */ = {isa = PBXBuildFile; fileRef = E6811CCD180147A100654338 /* gradients.png */; };
		E6811D11180147A100654338 /* home.png in Resources */ = {isa = PBXBuildFile; fileRef = E6811CCE180147A100654338 /* home.png */; };
		E6811D12180147A100654338 /* HumanArcherSheet.png in Resources */ = {isa = PBXBuildFile; fileRef = E6811CCF180147A100654338 /* HumanArcherSheet.png */; };
		E6811D13180147A100654338 /* HumanBuildings.png in Resources */ = {isa = PBXBuildFile; fileRef = E6811CD0180147A100654338 /* HumanBuildings.png */; };
		E6811D14180147A100654338 /* HumanFarm.png in Resources */ = {isa = PBXBuildFile; fileRef = E6811CD1180147A100654338 /* HumanFarm.png */; };
		E6811D15180147A100654338 /* HumanFootmanSheet.png in Resources */ = {isa = PBXBuildFile; fileRef = E6811CD2180147A100654338 /* HumanFootmanSheet.png */; };
		E6811D16180147A100654338 /* HumanKnightSheet.png in Resources */ = {isa = PBXBuildFile; fileRef = E6811CD3180147A100654338 /* HumanKnightSheet.png */; };
		E6811D17180147A100654338 /* HumanMageSheet.png in Resources */ = {isa = PBXBuildFile; fileRef = E6811CD4180147A100654338 /* HumanMageSheet.png */; };
		E6811D18180147A100654338 /* HumanPeasantSheet.png in Resources */ = {isa = PBXBuildFile; fileRef = E6811CD5180147A100654338 /* HumanPeasantSheet.png */; };
		E6811D19180147A100654338 /* Iron.png in Resources */ = {isa = PBXBuildFile; fileRef = E6811CD6180147A100654338 /* Iron.png */; };
		E6811D1A180147A100654338 /* package_development.png in Resources */ = {isa = PBXBuildFile; fileRef = E6811CD7180147A100654338 /* package_development.png */; };
		E6811D1B180147A100654338 /* paper background.png in Resources */ = {isa = PBXBuildFile; fileRef = E6811CD8180147A100654338 /* paper background.png */; };
		E6811D1C180147A100654338 /* People.png in Resources */ = {isa = PBXBuildFile; fileRef = E6811CD9180147A100654338 /* People.png */; };
		E6811D1D180147A100654338 /* PineWoodPlanks.png in Resources */ = {isa = PBXBuildFile; fileRef = E6811CDA180147A100654338 /* PineWoodPlanks.png */; };
		E6811D1E180147A100654338 /* Planks.png in Resources */ = {isa = PBXBuildFile; fileRef = E6811CDB180147A100654338 /* Planks.png */; };
		E6811D1F180147A100654338 /* RPG_GUI_v1.png in Resources */ = {isa = PBXBuildFile; fileRef = E6811CDC180147A100654338 /* RPG_GUI_v1.png */; };
		E6811D20180147A100654338 /* RPG_GUI_v1_source.xcf in Resources */ = {isa = PBXBuildFile; fileRef = E6811CDD180147A100654338 /* RPG_GUI_v1_source.xcf */; };
		E6811D21180147A100654338 /* samaze_017.jpg in Resources */ = {isa = PBXBuildFile; fileRef = E6811CDE180147A100654338 /* samaze_017.jpg */; };
		E6811D22180147A100654338 /* settings.png in Resources */ = {isa = PBXBuildFile; fileRef = E6811CDF180147A100654338 /* settings.png */; };
		E6811D23180147A100654338 /* Sheep0007.png in Resources */ = {isa = PBXBuildFile; fileRef = E6811CE0180147A100654338 /* Sheep0007.png */; };
		E6811D24180147A100654338 /* Sprites.xml in Resources */ = {isa = PBXBuildFile; fileRef = E6811CE1180147A100654338 /* Sprites.xml */; };
		E6811D25180147A100654338 /* Stone.PNG in Resources */ = {isa = PBXBuildFile; fileRef = E6811CE2180147A100654338 /* Stone.PNG */; };
		E6811D26180147A100654338 /* StoneMaterial_01_Icon-36x36.png in Resources */ = {isa = PBXBuildFile; fileRef = E6811CE3180147A100654338 /* StoneMaterial_01_Icon-36x36.png */; };
		E6811D27180147A100654338 /* terrain_atlas.png in Resources */ = {isa = PBXBuildFile; fileRef = E6811CE4180147A100654338 /* terrain_atlas.png */; };
		E6811D28180147A100654338 /* TestDialogue.dia in Resources */ = {isa = PBXBuildFile; fileRef = E6811CE5180147A100654338 /* TestDialogue.dia */; };
		E6811D29180147A100654338 /* Vera.ttf in Resources */ = {isa = PBXBuildFile; fileRef = E6811CE6180147A100654338 /* Vera.ttf */; };
		E6811D2A180147A100654338 /* VeraMono.ttf in Resources */ = {isa = PBXBuildFile; fileRef = E6811CE7180147A100654338 /* VeraMono.ttf */; };
		E6811D2B180147A100654338 /* Weapons.png in Resources */ = {isa = PBXBuildFile; fileRef = E6811CE8180147A100654338 /* Weapons.png */; };
		E6811D2C180147A100654338 /* Wheat (1).png in Resources */ = {isa = PBXBuildFile; fileRef = E6811CE9180147A100654338 /* Wheat (1).png */; };
		E6811D2D180147A100654338 /* Wheat.png in Resources */ = {isa = PBXBuildFile; fileRef = E6811CEA180147A100654338 /* Wheat.png */; };
		E6811D2E180147A100654338 /* Wheat_Flour.png in Resources */ = {isa = PBXBuildFile; fileRef = E6811CEB180147A100654338 /* Wheat_Flour.png */; };
		E6811D2F180147A100654338 /* wood background.png in Resources */ = {isa = PBXBuildFile; fileRef = E6811CEC180147A100654338 /* wood background.png */; };
		E6811D30180147A100654338 /* Wood.png in Resources */ = {isa = PBXBuildFile; fileRef = E6811CED180147A100654338 /* Wood.png */; };
		E6811D31180147A100654338 /* Wool.png in Resources */ = {isa = PBXBuildFile; fileRef = E6811CEE180147A100654338 /* Wool.png */; };
		E6811D32180147A100654338 /* Yew_Logs.PNG in Resources */ = {isa = PBXBuildFile; fileRef = E6811CEF180147A100654338 /* Yew_Logs.PNG */; };
		E6811D33180147B400654338 /* 38px-Ashfur_(TC).warrior.png in CopyFiles */ = {isa = PBXBuildFile; fileRef = E6811CAB180147A100654338 /* 38px-Ashfur_(TC).warrior.png */; };
		E6811D34180147B400654338 /* 595x801_19476_Oriana_2d_fantasy_pathfinder_portrait_scars_knight_girl_woman_picture_image_digital_art.jpg in CopyFiles */ = {isa = PBXBuildFile; fileRef = E6811CAC180147A100654338 /* 595x801_19476_Oriana_2d_fantasy_pathfinder_portrait_scars_knight_girl_woman_picture_image_digital_art.jpg */; };
		E6811D35180147B400654338 /* Arial.ttf in CopyFiles */ = {isa = PBXBuildFile; fileRef = E6811CAD180147A100654338 /* Arial.ttf */; };
		E6811D36180147B400654338 /* BuildingsMisc.png in CopyFiles */ = {isa = PBXBuildFile; fileRef = E6811CB0180147A100654338 /* BuildingsMisc.png */; };
		E6811D37180147B400654338 /* CritterSheet.png in CopyFiles */ = {isa = PBXBuildFile; fileRef = E6811CB1180147A100654338 /* CritterSheet.png */; };
		E6811D38180147B400654338 /* DragonSheet.png in CopyFiles */ = {isa = PBXBuildFile; fileRef = E6811CB2180147A100654338 /* DragonSheet.png */; };
		E6811D39180147B400654338 /* HumanArcherSheet.png in CopyFiles */ = {isa = PBXBuildFile; fileRef = E6811CB3180147A100654338 /* HumanArcherSheet.png */; };
		E6811D3A180147B400654338 /* HumanBuildings.png in CopyFiles */ = {isa = PBXBuildFile; fileRef = E6811CB4180147A100654338 /* HumanBuildings.png */; };
		E6811D3B180147B400654338 /* HumanFootmanSheet.png in CopyFiles */ = {isa = PBXBuildFile; fileRef = E6811CB5180147A100654338 /* HumanFootmanSheet.png */; };
		E6811D3C180147B400654338 /* HumanKnightSheet.png in CopyFiles */ = {isa = PBXBuildFile; fileRef = E6811CB6180147A100654338 /* HumanKnightSheet.png */; };
		E6811D3D180147B400654338 /* HumanMageSheet.png in CopyFiles */ = {isa = PBXBuildFile; fileRef = E6811CB7180147A100654338 /* HumanMageSheet.png */; };
		E6811D3E180147B400654338 /* HumanPeasantSheet.png in CopyFiles */ = {isa = PBXBuildFile; fileRef = E6811CB8180147A100654338 /* HumanPeasantSheet.png */; };
		E6811D3F180147B400654338 /* Avatar0.png in CopyFiles */ = {isa = PBXBuildFile; fileRef = E6811CB9180147A100654338 /* Avatar0.png */; };
		E6811D40180147B400654338 /* Avatar1.png in CopyFiles */ = {isa = PBXBuildFile; fileRef = E6811CBA180147A100654338 /* Avatar1.png */; };
		E6811D41180147B400654338 /* build.png in CopyFiles */ = {isa = PBXBuildFile; fileRef = E6811CBB180147A100654338 /* build.png */; };
		E6811D42180147B400654338 /* BuildingDefinitions.xml in CopyFiles */ = {isa = PBXBuildFile; fileRef = E6811CBC180147A100654338 /* BuildingDefinitions.xml */; };
		E6811D43180147B400654338 /* BuildingsMisc.png in CopyFiles */ = {isa = PBXBuildFile; fileRef = E6811CBD180147A100654338 /* BuildingsMisc.png */; };
		E6811D44180147B400654338 /* BuildMenu.xml in CopyFiles */ = {isa = PBXBuildFile; fileRef = E6811CBE180147A100654338 /* BuildMenu.xml */; };
		E6811D45180147B400654338 /* Choicelarge.png in CopyFiles */ = {isa = PBXBuildFile; fileRef = E6811CBF180147A100654338 /* Choicelarge.png */; };
		E6811D46180147B400654338 /* Consolas.ttf in CopyFiles */ = {isa = PBXBuildFile; fileRef = E6811CC0180147A100654338 /* Consolas.ttf */; };
		E6811D47180147B400654338 /* CritterSheet.png in CopyFiles */ = {isa = PBXBuildFile; fileRef = E6811CC1180147A100654338 /* CritterSheet.png */; };
		E6811D48180147B400654338 /* Dialogue.xml in CopyFiles */ = {isa = PBXBuildFile; fileRef = E6811CC2180147A100654338 /* Dialogue.xml */; };
		E6811D49180147B400654338 /* DialogueCircle.png in CopyFiles */ = {isa = PBXBuildFile; fileRef = E6811CC3180147A100654338 /* DialogueCircle.png */; };
		E6811D4A180147B400654338 /* DialogueInterface.xml in CopyFiles */ = {isa = PBXBuildFile; fileRef = E6811CC4180147A100654338 /* DialogueInterface.xml */; };
		E6811D4B180147B400654338 /* dragon_knight_wallpaper_by_ekoputeh-d2y7tyc.jpg in CopyFiles */ = {isa = PBXBuildFile; fileRef = E6811CC5180147A100654338 /* dragon_knight_wallpaper_by_ekoputeh-d2y7tyc.jpg */; };
		E6811D4C180147B400654338 /* DragonSheet.png in CopyFiles */ = {isa = PBXBuildFile; fileRef = E6811CC6180147A100654338 /* DragonSheet.png */; };
		E6811D4D180147B400654338 /* EconomyMenu.xml in CopyFiles */ = {isa = PBXBuildFile; fileRef = E6811CC7180147A100654338 /* EconomyMenu.xml */; };
		E6811D4E180147B400654338 /* Fine_Wool.png in CopyFiles */ = {isa = PBXBuildFile; fileRef = E6811CC8180147A100654338 /* Fine_Wool.png */; };
		E6811D4F180147B400654338 /* Flour.png in CopyFiles */ = {isa = PBXBuildFile; fileRef = E6811CC9180147A100654338 /* Flour.png */; };
		E6811D50180147B400654338 /* Food.png in CopyFiles */ = {isa = PBXBuildFile; fileRef = E6811CCA180147A100654338 /* Food.png */; };
		E6811D51180147B400654338 /* GameMenu.xml in CopyFiles */ = {isa = PBXBuildFile; fileRef = E6811CCB180147A100654338 /* GameMenu.xml */; };
		E6811D52180147B400654338 /* GameResources.xml in CopyFiles */ = {isa = PBXBuildFile; fileRef = E6811CCC180147A100654338 /* GameResources.xml */; };
		E6811D53180147B400654338 /* gradients.png in CopyFiles */ = {isa = PBXBuildFile; fileRef = E6811CCD180147A100654338 /* gradients.png */; };
		E6811D54180147B400654338 /* home.png in CopyFiles */ = {isa = PBXBuildFile; fileRef = E6811CCE180147A100654338 /* home.png */; };
		E6811D55180147B400654338 /* HumanArcherSheet.png in CopyFiles */ = {isa = PBXBuildFile; fileRef = E6811CCF180147A100654338 /* HumanArcherSheet.png */; };
		E6811D56180147B400654338 /* HumanBuildings.png in CopyFiles */ = {isa = PBXBuildFile; fileRef = E6811CD0180147A100654338 /* HumanBuildings.png */; };
		E6811D57180147B400654338 /* HumanFarm.png in CopyFiles */ = {isa = PBXBuildFile; fileRef = E6811CD1180147A100654338 /* HumanFarm.png */; };
		E6811D58180147B400654338 /* HumanFootmanSheet.png in CopyFiles */ = {isa = PBXBuildFile; fileRef = E6811CD2180147A100654338 /* HumanFootmanSheet.png */; };
		E6811D59180147B400654338 /* HumanKnightSheet.png in CopyFiles */ = {isa = PBXBuildFile; fileRef = E6811CD3180147A100654338 /* HumanKnightSheet.png */; };
		E6811D5A180147B400654338 /* HumanMageSheet.png in CopyFiles */ = {isa = PBXBuildFile; fileRef = E6811CD4180147A100654338 /* HumanMageSheet.png */; };
		E6811D5B180147B400654338 /* HumanPeasantSheet.png in CopyFiles */ = {isa = PBXBuildFile; fileRef = E6811CD5180147A100654338 /* HumanPeasantSheet.png */; };
		E6811D5C180147B400654338 /* Iron.png in CopyFiles */ = {isa = PBXBuildFile; fileRef = E6811CD6180147A100654338 /* Iron.png */; };
		E6811D5D180147B400654338 /* package_development.png in CopyFiles */ = {isa = PBXBuildFile; fileRef = E6811CD7180147A100654338 /* package_development.png */; };
		E6811D5E180147B400654338 /* paper background.png in CopyFiles */ = {isa = PBXBuildFile; fileRef = E6811CD8180147A100654338 /* paper background.png */; };
		E6811D5F180147B400654338 /* People.png in CopyFiles */ = {isa = PBXBuildFile; fileRef = E6811CD9180147A100654338 /* People.png */; };
		E6811D60180147B400654338 /* PineWoodPlanks.png in CopyFiles */ = {isa = PBXBuildFile; fileRef = E6811CDA180147A100654338 /* PineWoodPlanks.png */; };
		E6811D61180147B400654338 /* Planks.png in CopyFiles */ = {isa = PBXBuildFile; fileRef = E6811CDB180147A100654338 /* Planks.png */; };
		E6811D62180147B400654338 /* RPG_GUI_v1.png in CopyFiles */ = {isa = PBXBuildFile; fileRef = E6811CDC180147A100654338 /* RPG_GUI_v1.png */; };
		E6811D63180147B400654338 /* RPG_GUI_v1_source.xcf in CopyFiles */ = {isa = PBXBuildFile; fileRef = E6811CDD180147A100654338 /* RPG_GUI_v1_source.xcf */; };
		E6811D64180147B400654338 /* samaze_017.jpg in CopyFiles */ = {isa = PBXBuildFile; fileRef = E6811CDE180147A100654338 /* samaze_017.jpg */; };
		E6811D65180147B400654338 /* settings.png in CopyFiles */ = {isa = PBXBuildFile; fileRef = E6811CDF180147A100654338 /* settings.png */; };
		E6811D66180147B400654338 /* Sheep0007.png in CopyFiles */ = {isa = PBXBuildFile; fileRef = E6811CE0180147A100654338 /* Sheep0007.png */; };
		E6811D67180147B400654338 /* Sprites.xml in CopyFiles */ = {isa = PBXBuildFile; fileRef = E6811CE1180147A100654338 /* Sprites.xml */; };
		E6811D68180147B400654338 /* Stone.PNG in CopyFiles */ = {isa = PBXBuildFile; fileRef = E6811CE2180147A100654338 /* Stone.PNG */; };
		E6811D69180147B400654338 /* StoneMaterial_01_Icon-36x36.png in CopyFiles */ = {isa = PBXBuildFile; fileRef = E6811CE3180147A100654338 /* StoneMaterial_01_Icon-36x36.png */; };
		E6811D6A180147B400654338 /* terrain_atlas.png in CopyFiles */ = {isa = PBXBuildFile; fileRef = E6811CE4180147A100654338 /* terrain_atlas.png */; };
		E6811D6B180147B400654338 /* TestDialogue.dia in CopyFiles */ = {isa = PBXBuildFile; fileRef = E6811CE5180147A100654338 /* TestDialogue.dia */; };
		E6811D6C180147B400654338 /* Vera.ttf in CopyFiles */ = {isa = PBXBuildFile; fileRef = E6811CE6180147A100654338 /* Vera.ttf */; };
		E6811D6D180147B400654338 /* VeraMono.ttf in CopyFiles */ = {isa = PBXBuildFile; fileRef = E6811CE7180147A100654338 /* VeraMono.ttf */; };
		E6811D6E180147B400654338 /* Weapons.png in CopyFiles */ = {isa = PBXBuildFile; fileRef = E6811CE8180147A100654338 /* Weapons.png */; };
		E6811D6F180147B400654338 /* Wheat (1).png in CopyFiles */ = {isa = PBXBuildFile; fileRef = E6811CE9180147A100654338 /* Wheat (1).png */; };
		E6811D70180147B400654338 /* Wheat.png in CopyFiles */ = {isa = PBXBuildFile; fileRef = E6811CEA180147A100654338 /* Wheat.png */; };
		E6811D71180147B400654338 /* Wheat_Flour.png in CopyFiles */ = {isa = PBXBuildFile; fileRef = E6811CEB180147A100654338 /* Wheat_Flour.png */; };
		E6811D72180147B400654338 /* wood background.png in CopyFiles */ = {isa = PBXBuildFile; fileRef = E6811CEC180147A100654338 /* wood background.png */; };
		E6811D73180147B400654338 /* Wood.png in CopyFiles */ = {isa = PBXBuildFile; fileRef = E6811CED180147A100654338 /* Wood.png */; };
		E6811D74180147B400654338 /* Wool.png in CopyFiles */ = {isa = PBXBuildFile; fileRef = E6811CEE180147A100654338 /* Wool.png */; };
		E6811D75180147B400654338 /* Yew_Logs.PNG in CopyFiles */ = {isa = PBXBuildFile; fileRef = E6811CEF180147A100654338 /* Yew_Logs.PNG */; };
		E6A87509180144AB00D27452 /* EconomyMenu.cpp in Sources */ = {isa = PBXBuildFile; fileRef = E6A87507180144AB00D27452 /* EconomyMenu.cpp */; };
		E6A8750A180144AB00D27452 /* EconomyMenu.cpp in Sources */ = {isa = PBXBuildFile; fileRef = E6A87507180144AB00D27452 /* EconomyMenu.cpp */; };
		E6C58D5617F851BD0020F28D /* libfreetype.a in Frameworks */ = {isa = PBXBuildFile; fileRef = E6C58D5517F851BD0020F28D /* libfreetype.a */; };
		E6C58D7A17F854710020F28D /* libangelscript.a in Frameworks */ = {isa = PBXBuildFile; fileRef = E6C58D7917F854710020F28D /* libangelscript.a */; };
		E6D0BDB517CE1EBE00CAC564 /* libEngine.a in Frameworks */ = {isa = PBXBuildFile; fileRef = E6D0BDA617CE1A8400CAC564 /* libEngine.a */; };
		E6D0BDD217CE29CE00CAC564 /* Source - Copy.cpp in Sources */ = {isa = PBXBuildFile; fileRef = E6FD5FAF17CABAFA00F59339 /* Source - Copy.cpp */; };
		E6D0BE4B17CE2D1000CAC564 /* libEngine Mac.a in Frameworks */ = {isa = PBXBuildFile; fileRef = E6D0BDCA17CE1FD500CAC564 /* libEngine Mac.a */; };
		E6D0BE4E17CE2DA800CAC564 /* libz.dylib in Frameworks */ = {isa = PBXBuildFile; fileRef = E6D0BE4D17CE2DA800CAC564 /* libz.dylib */; };
		E6FD5FB017CABAFA00F59339 /* Source - Copy.cpp in Sources */ = {isa = PBXBuildFile; fileRef = E6FD5FAF17CABAFA00F59339 /* Source - Copy.cpp */; };
/* End PBXBuildFile section */

/* Begin PBXContainerItemProxy section */
		E6D0BDA517CE1A8400CAC564 /* PBXContainerItemProxy */ = {
			isa = PBXContainerItemProxy;
			containerPortal = E6D0BDA117CE1A8400CAC564 /* Engine.xcodeproj */;
			proxyType = 2;
			remoteGlobalIDString = E63EA91417C69948006F1456;
			remoteInfo = Engine;
		};
		E6D0BDC917CE1FD500CAC564 /* PBXContainerItemProxy */ = {
			isa = PBXContainerItemProxy;
			containerPortal = E6D0BDA117CE1A8400CAC564 /* Engine.xcodeproj */;
			proxyType = 2;
			remoteGlobalIDString = E6D0BDBA17CE1F6500CAC564;
			remoteInfo = "Engine Mac";
		};
/* End PBXContainerItemProxy section */

/* Begin PBXCopyFilesBuildPhase section */
		E6D0BDC017CE1FD500CAC564 /* CopyFiles */ = {
			isa = PBXCopyFilesBuildPhase;
			buildActionMask = 12;
			dstPath = "";
			dstSubfolderSpec = 16;
			files = (
				E6811D33180147B400654338 /* 38px-Ashfur_(TC).warrior.png in CopyFiles */,
				E6811D34180147B400654338 /* 595x801_19476_Oriana_2d_fantasy_pathfinder_portrait_scars_knight_girl_woman_picture_image_digital_art.jpg in CopyFiles */,
				E6811D35180147B400654338 /* Arial.ttf in CopyFiles */,
				E6811D36180147B400654338 /* BuildingsMisc.png in CopyFiles */,
				E6811D37180147B400654338 /* CritterSheet.png in CopyFiles */,
				E6811D38180147B400654338 /* DragonSheet.png in CopyFiles */,
				E6811D39180147B400654338 /* HumanArcherSheet.png in CopyFiles */,
				E6811D3A180147B400654338 /* HumanBuildings.png in CopyFiles */,
				E6811D3B180147B400654338 /* HumanFootmanSheet.png in CopyFiles */,
				E6811D3C180147B400654338 /* HumanKnightSheet.png in CopyFiles */,
				E6811D3D180147B400654338 /* HumanMageSheet.png in CopyFiles */,
				E6811D3E180147B400654338 /* HumanPeasantSheet.png in CopyFiles */,
				E6811D3F180147B400654338 /* Avatar0.png in CopyFiles */,
				E6811D40180147B400654338 /* Avatar1.png in CopyFiles */,
				E6811D41180147B400654338 /* build.png in CopyFiles */,
				E6811D42180147B400654338 /* BuildingDefinitions.xml in CopyFiles */,
				E6811D43180147B400654338 /* BuildingsMisc.png in CopyFiles */,
				E6811D44180147B400654338 /* BuildMenu.xml in CopyFiles */,
				E6811D45180147B400654338 /* Choicelarge.png in CopyFiles */,
				E6811D46180147B400654338 /* Consolas.ttf in CopyFiles */,
				E6811D47180147B400654338 /* CritterSheet.png in CopyFiles */,
				E6811D48180147B400654338 /* Dialogue.xml in CopyFiles */,
				E6811D49180147B400654338 /* DialogueCircle.png in CopyFiles */,
				E6811D4A180147B400654338 /* DialogueInterface.xml in CopyFiles */,
				E6811D4B180147B400654338 /* dragon_knight_wallpaper_by_ekoputeh-d2y7tyc.jpg in CopyFiles */,
				E6811D4C180147B400654338 /* DragonSheet.png in CopyFiles */,
				E6811D4D180147B400654338 /* EconomyMenu.xml in CopyFiles */,
				E6811D4E180147B400654338 /* Fine_Wool.png in CopyFiles */,
				E6811D4F180147B400654338 /* Flour.png in CopyFiles */,
				E6811D50180147B400654338 /* Food.png in CopyFiles */,
				E6811D51180147B400654338 /* GameMenu.xml in CopyFiles */,
				E6811D52180147B400654338 /* GameResources.xml in CopyFiles */,
				E6811D53180147B400654338 /* gradients.png in CopyFiles */,
				E6811D54180147B400654338 /* home.png in CopyFiles */,
				E6811D55180147B400654338 /* HumanArcherSheet.png in CopyFiles */,
				E6811D56180147B400654338 /* HumanBuildings.png in CopyFiles */,
				E6811D57180147B400654338 /* HumanFarm.png in CopyFiles */,
				E6811D58180147B400654338 /* HumanFootmanSheet.png in CopyFiles */,
				E6811D59180147B400654338 /* HumanKnightSheet.png in CopyFiles */,
				E6811D5A180147B400654338 /* HumanMageSheet.png in CopyFiles */,
				E6811D5B180147B400654338 /* HumanPeasantSheet.png in CopyFiles */,
				E6811D5C180147B400654338 /* Iron.png in CopyFiles */,
				E6811D5D180147B400654338 /* package_development.png in CopyFiles */,
				E6811D5E180147B400654338 /* paper background.png in CopyFiles */,
				E6811D5F180147B400654338 /* People.png in CopyFiles */,
				E6811D60180147B400654338 /* PineWoodPlanks.png in CopyFiles */,
				E6811D61180147B400654338 /* Planks.png in CopyFiles */,
				E6811D62180147B400654338 /* RPG_GUI_v1.png in CopyFiles */,
				E6811D63180147B400654338 /* RPG_GUI_v1_source.xcf in CopyFiles */,
				E6811D64180147B400654338 /* samaze_017.jpg in CopyFiles */,
				E6811D65180147B400654338 /* settings.png in CopyFiles */,
				E6811D66180147B400654338 /* Sheep0007.png in CopyFiles */,
				E6811D67180147B400654338 /* Sprites.xml in CopyFiles */,
				E6811D68180147B400654338 /* Stone.PNG in CopyFiles */,
				E6811D69180147B400654338 /* StoneMaterial_01_Icon-36x36.png in CopyFiles */,
				E6811D6A180147B400654338 /* terrain_atlas.png in CopyFiles */,
				E6811D6B180147B400654338 /* TestDialogue.dia in CopyFiles */,
				E6811D6C180147B400654338 /* Vera.ttf in CopyFiles */,
				E6811D6D180147B400654338 /* VeraMono.ttf in CopyFiles */,
				E6811D6E180147B400654338 /* Weapons.png in CopyFiles */,
				E6811D6F180147B400654338 /* Wheat (1).png in CopyFiles */,
				E6811D70180147B400654338 /* Wheat.png in CopyFiles */,
				E6811D71180147B400654338 /* Wheat_Flour.png in CopyFiles */,
				E6811D72180147B400654338 /* wood background.png in CopyFiles */,
				E6811D73180147B400654338 /* Wood.png in CopyFiles */,
				E6811D74180147B400654338 /* Wool.png in CopyFiles */,
				E6811D75180147B400654338 /* Yew_Logs.PNG in CopyFiles */,
			);
			runOnlyForDeploymentPostprocessing = 0;
		};
/* End PBXCopyFilesBuildPhase section */

/* Begin PBXFileReference section */
		E6059D5417DC9F0E00C6681B /* Cocoa.framework */ = {isa = PBXFileReference; lastKnownFileType = wrapper.framework; name = Cocoa.framework; path = Platforms/MacOSX.platform/Developer/SDKs/MacOSX10.8.sdk/System/Library/Frameworks/Cocoa.framework; sourceTree = DEVELOPER_DIR; };
		E6059D5817DC9F2A00C6681B /* IOKit.framework */ = {isa = PBXFileReference; lastKnownFileType = wrapper.framework; name = IOKit.framework; path = Platforms/MacOSX.platform/Developer/SDKs/MacOSX10.8.sdk/System/Library/Frameworks/IOKit.framework; sourceTree = DEVELOPER_DIR; };
		E6059D5A17DCA07800C6681B /* OpenGL.framework */ = {isa = PBXFileReference; lastKnownFileType = wrapper.framework; name = OpenGL.framework; path = Platforms/MacOSX.platform/Developer/SDKs/MacOSX10.8.sdk/System/Library/Frameworks/OpenGL.framework; sourceTree = DEVELOPER_DIR; };
		E6059DD417DCB46000C6681B /* libvorbis.a */ = {isa = PBXFileReference; lastKnownFileType = archive.ar; name = libvorbis.a; path = ../../../LunaEngine/Engine/Externals/libvorbis/lib/OSX/libvorbis.a; sourceTree = "<group>"; };
		E60B6B6617E362A500C8FEBE /* IslandData.cpp */ = {isa = PBXFileReference; fileEncoding = 4; lastKnownFileType = sourcecode.cpp.cpp; path = IslandData.cpp; sourceTree = "<group>"; };
		E60B6B6717E362A500C8FEBE /* IslandData.h */ = {isa = PBXFileReference; fileEncoding = 4; lastKnownFileType = sourcecode.c.h; path = IslandData.h; sourceTree = "<group>"; };
		E6166C3C17F86C5F00333D8B /* VillageGame.entitlements */ = {isa = PBXFileReference; lastKnownFileType = text.xml; path = VillageGame.entitlements; sourceTree = "<group>"; };
		E624BB59180C0044006ECA21 /* Player.cpp */ = {isa = PBXFileReference; fileEncoding = 4; lastKnownFileType = sourcecode.cpp.cpp; path = Player.cpp; sourceTree = "<group>"; };
		E624BB5A180C0044006ECA21 /* Player.h */ = {isa = PBXFileReference; fileEncoding = 4; lastKnownFileType = sourcecode.c.h; path = Player.h; sourceTree = "<group>"; };
		E624BB74180C4B5A006ECA21 /* ProducerComponent.cpp */ = {isa = PBXFileReference; fileEncoding = 4; lastKnownFileType = sourcecode.cpp.cpp; path = ProducerComponent.cpp; sourceTree = "<group>"; };
		E624BB75180C4B5A006ECA21 /* ProducerComponent.h */ = {isa = PBXFileReference; fileEncoding = 4; lastKnownFileType = sourcecode.c.h; path = ProducerComponent.h; sourceTree = "<group>"; };
		E6358FA617FCC89C00A0317B /* BuildingComponent.cpp */ = {isa = PBXFileReference; fileEncoding = 4; lastKnownFileType = sourcecode.cpp.cpp; name = BuildingComponent.cpp; path = ../Projects/VS2012/BuildingComponent.cpp; sourceTree = "<group>"; };
		E6358FA717FCC89C00A0317B /* BuildingComponent.h */ = {isa = PBXFileReference; fileEncoding = 4; lastKnownFileType = sourcecode.c.h; name = BuildingComponent.h; path = ../Projects/VS2012/BuildingComponent.h; sourceTree = "<group>"; };
		E6358FA817FCC89C00A0317B /* BuildingComponentData.cpp */ = {isa = PBXFileReference; fileEncoding = 4; lastKnownFileType = sourcecode.cpp.cpp; name = BuildingComponentData.cpp; path = ../Projects/VS2012/BuildingComponentData.cpp; sourceTree = "<group>"; };
		E6358FA917FCC89C00A0317B /* BuildingComponentData.h */ = {isa = PBXFileReference; fileEncoding = 4; lastKnownFileType = sourcecode.c.h; name = BuildingComponentData.h; path = ../Projects/VS2012/BuildingComponentData.h; sourceTree = "<group>"; };
		E6358FAA17FCC89C00A0317B /* Economy.cpp */ = {isa = PBXFileReference; fileEncoding = 4; lastKnownFileType = sourcecode.cpp.cpp; name = Economy.cpp; path = ../Projects/VS2012/Economy.cpp; sourceTree = "<group>"; };
		E6358FAB17FCC89C00A0317B /* Economy.h */ = {isa = PBXFileReference; fileEncoding = 4; lastKnownFileType = sourcecode.c.h; name = Economy.h; path = ../Projects/VS2012/Economy.h; sourceTree = "<group>"; };
		E6358FAC17FCC89C00A0317B /* GameMenu.cpp */ = {isa = PBXFileReference; fileEncoding = 4; lastKnownFileType = sourcecode.cpp.cpp; name = GameMenu.cpp; path = ../Projects/VS2012/GameMenu.cpp; sourceTree = "<group>"; };
		E6358FAD17FCC89C00A0317B /* GameMenu.h */ = {isa = PBXFileReference; fileEncoding = 4; lastKnownFileType = sourcecode.c.h; name = GameMenu.h; path = ../Projects/VS2012/GameMenu.h; sourceTree = "<group>"; };
		E6358FAE17FCC89C00A0317B /* GameWorld.cpp */ = {isa = PBXFileReference; fileEncoding = 4; lastKnownFileType = sourcecode.cpp.cpp; name = GameWorld.cpp; path = ../Projects/VS2012/GameWorld.cpp; sourceTree = "<group>"; };
		E6358FAF17FCC89C00A0317B /* GameWorld.h */ = {isa = PBXFileReference; fileEncoding = 4; lastKnownFileType = sourcecode.c.h; name = GameWorld.h; path = ../Projects/VS2012/GameWorld.h; sourceTree = "<group>"; };
		E6358FB017FCC89C00A0317B /* Main.cpp */ = {isa = PBXFileReference; fileEncoding = 4; lastKnownFileType = sourcecode.cpp.cpp; name = Main.cpp; path = ../Projects/VS2012/Main.cpp; sourceTree = "<group>"; };
		E6358FB117FCC89C00A0317B /* Main.h */ = {isa = PBXFileReference; fileEncoding = 4; lastKnownFileType = sourcecode.c.h; name = Main.h; path = ../Projects/VS2012/Main.h; sourceTree = "<group>"; };
		E6358FB217FCC89C00A0317B /* ResourceComponent.cpp */ = {isa = PBXFileReference; fileEncoding = 4; lastKnownFileType = sourcecode.cpp.cpp; name = ResourceComponent.cpp; path = ../Projects/VS2012/ResourceComponent.cpp; sourceTree = "<group>"; };
		E6358FB317FCC89C00A0317B /* ResourceComponent.h */ = {isa = PBXFileReference; fileEncoding = 4; lastKnownFileType = sourcecode.c.h; name = ResourceComponent.h; path = ../Projects/VS2012/ResourceComponent.h; sourceTree = "<group>"; };
		E6358FB417FCC89C00A0317B /* ResourceComponentData.cpp */ = {isa = PBXFileReference; fileEncoding = 4; lastKnownFileType = sourcecode.cpp.cpp; name = ResourceComponentData.cpp; path = ../Projects/VS2012/ResourceComponentData.cpp; sourceTree = "<group>"; };
		E6358FB517FCC89C00A0317B /* ResourceComponentData.h */ = {isa = PBXFileReference; fileEncoding = 4; lastKnownFileType = sourcecode.c.h; name = ResourceComponentData.h; path = ../Projects/VS2012/ResourceComponentData.h; sourceTree = "<group>"; };
		E6358FB617FCC89C00A0317B /* ScrollCamera.cpp */ = {isa = PBXFileReference; fileEncoding = 4; lastKnownFileType = sourcecode.cpp.cpp; name = ScrollCamera.cpp; path = ../Projects/VS2012/ScrollCamera.cpp; sourceTree = "<group>"; };
		E6358FB717FCC89C00A0317B /* ScrollCamera.h */ = {isa = PBXFileReference; fileEncoding = 4; lastKnownFileType = sourcecode.c.h; name = ScrollCamera.h; path = ../Projects/VS2012/ScrollCamera.h; sourceTree = "<group>"; };
		E6358FB817FCC89C00A0317B /* TreeComponent.cpp */ = {isa = PBXFileReference; fileEncoding = 4; lastKnownFileType = sourcecode.cpp.cpp; name = TreeComponent.cpp; path = ../Projects/VS2012/TreeComponent.cpp; sourceTree = "<group>"; };
		E6358FB917FCC89C00A0317B /* TreeComponent.h */ = {isa = PBXFileReference; fileEncoding = 4; lastKnownFileType = sourcecode.c.h; name = TreeComponent.h; path = ../Projects/VS2012/TreeComponent.h; sourceTree = "<group>"; };
		E6358FBA17FCC89C00A0317B /* TreeComponentData.cpp */ = {isa = PBXFileReference; fileEncoding = 4; lastKnownFileType = sourcecode.cpp.cpp; name = TreeComponentData.cpp; path = ../Projects/VS2012/TreeComponentData.cpp; sourceTree = "<group>"; };
		E6358FBB17FCC89C00A0317B /* TreeComponentData.h */ = {isa = PBXFileReference; fileEncoding = 4; lastKnownFileType = sourcecode.c.h; name = TreeComponentData.h; path = ../Projects/VS2012/TreeComponentData.h; sourceTree = "<group>"; };
		E6358FBC17FCC89C00A0317B /* VillageGame.cpp */ = {isa = PBXFileReference; fileEncoding = 4; lastKnownFileType = sourcecode.cpp.cpp; name = VillageGame.cpp; path = ../Projects/VS2012/VillageGame.cpp; sourceTree = "<group>"; };
		E6358FBD17FCC89C00A0317B /* VillageGame.h */ = {isa = PBXFileReference; fileEncoding = 4; lastKnownFileType = sourcecode.c.h; name = VillageGame.h; path = ../Projects/VS2012/VillageGame.h; sourceTree = "<group>"; };
		E63EAE9017C69EC0006F1456 /* VillageGame.app */ = {isa = PBXFileReference; explicitFileType = wrapper.application; includeInIndex = 0; path = VillageGame.app; sourceTree = BUILT_PRODUCTS_DIR; };
		E63EAE9317C69EC0006F1456 /* UIKit.framework */ = {isa = PBXFileReference; lastKnownFileType = wrapper.framework; name = UIKit.framework; path = System/Library/Frameworks/UIKit.framework; sourceTree = SDKROOT; };
		E63EAE9517C69EC0006F1456 /* Foundation.framework */ = {isa = PBXFileReference; lastKnownFileType = wrapper.framework; name = Foundation.framework; path = System/Library/Frameworks/Foundation.framework; sourceTree = SDKROOT; };
		E63EAE9717C69EC0006F1456 /* CoreGraphics.framework */ = {isa = PBXFileReference; lastKnownFileType = wrapper.framework; name = CoreGraphics.framework; path = System/Library/Frameworks/CoreGraphics.framework; sourceTree = SDKROOT; };
		E63EAE9B17C69EC0006F1456 /* VillageGame-Info.plist */ = {isa = PBXFileReference; lastKnownFileType = text.plist.xml; path = "VillageGame-Info.plist"; sourceTree = "<group>"; };
		E63EAE9D17C69EC0006F1456 /* en */ = {isa = PBXFileReference; lastKnownFileType = text.plist.strings; name = en; path = en.lproj/InfoPlist.strings; sourceTree = "<group>"; };
		E63EAEA117C69EC0006F1456 /* VillageGame-Prefix.pch */ = {isa = PBXFileReference; lastKnownFileType = sourcecode.c.h; path = "VillageGame-Prefix.pch"; sourceTree = "<group>"; };
		E63EAEA517C69EC0006F1456 /* Default.png */ = {isa = PBXFileReference; lastKnownFileType = image.png; path = Default.png; sourceTree = "<group>"; };
		E63EAEA717C69EC0006F1456 /* Default@2x.png */ = {isa = PBXFileReference; lastKnownFileType = image.png; path = "Default@2x.png"; sourceTree = "<group>"; };
		E63EAEA917C69EC0006F1456 /* Default-568h@2x.png */ = {isa = PBXFileReference; lastKnownFileType = image.png; path = "Default-568h@2x.png"; sourceTree = "<group>"; };
		E63EAEC317C6A0EC006F1456 /* OpenGLES.framework */ = {isa = PBXFileReference; lastKnownFileType = wrapper.framework; name = OpenGLES.framework; path = System/Library/Frameworks/OpenGLES.framework; sourceTree = SDKROOT; };
		E63EAEC517C6A0F9006F1456 /* QuartzCore.framework */ = {isa = PBXFileReference; lastKnownFileType = wrapper.framework; name = QuartzCore.framework; path = System/Library/Frameworks/QuartzCore.framework; sourceTree = SDKROOT; };
		E63EAED817C6BFF1006F1456 /* libz.dylib */ = {isa = PBXFileReference; lastKnownFileType = "compiled.mach-o.dylib"; name = libz.dylib; path = usr/lib/libz.dylib; sourceTree = SDKROOT; };
		E64768D017E122FB0080BCAF /* libangelscript.a */ = {isa = PBXFileReference; lastKnownFileType = archive.ar; name = libangelscript.a; path = ../../../LunaEngine/Engine/Externals/AngelScript/iOS/OSX/libangelscript.a; sourceTree = "<group>"; };
		E64768D217E123000080BCAF /* libangelscriptd.a */ = {isa = PBXFileReference; lastKnownFileType = archive.ar; name = libangelscriptd.a; path = ../../../LunaEngine/Engine/Externals/AngelScript/iOS/OSX/libangelscriptd.a; sourceTree = "<group>"; };
		E6811CAB180147A100654338 /* 38px-Ashfur_(TC).warrior.png */ = {isa = PBXFileReference; lastKnownFileType = image.png; path = "38px-Ashfur_(TC).warrior.png"; sourceTree = "<group>"; };
		E6811CAC180147A100654338 /* 595x801_19476_Oriana_2d_fantasy_pathfinder_portrait_scars_knight_girl_woman_picture_image_digital_art.jpg */ = {isa = PBXFileReference; lastKnownFileType = image.jpeg; path = 595x801_19476_Oriana_2d_fantasy_pathfinder_portrait_scars_knight_girl_woman_picture_image_digital_art.jpg; sourceTree = "<group>"; };
		E6811CAD180147A100654338 /* Arial.ttf */ = {isa = PBXFileReference; lastKnownFileType = file; path = Arial.ttf; sourceTree = "<group>"; };
		E6811CB0180147A100654338 /* BuildingsMisc.png */ = {isa = PBXFileReference; lastKnownFileType = image.png; path = BuildingsMisc.png; sourceTree = "<group>"; };
		E6811CB1180147A100654338 /* CritterSheet.png */ = {isa = PBXFileReference; lastKnownFileType = image.png; path = CritterSheet.png; sourceTree = "<group>"; };
		E6811CB2180147A100654338 /* DragonSheet.png */ = {isa = PBXFileReference; lastKnownFileType = image.png; path = DragonSheet.png; sourceTree = "<group>"; };
		E6811CB3180147A100654338 /* HumanArcherSheet.png */ = {isa = PBXFileReference; lastKnownFileType = image.png; path = HumanArcherSheet.png; sourceTree = "<group>"; };
		E6811CB4180147A100654338 /* HumanBuildings.png */ = {isa = PBXFileReference; lastKnownFileType = image.png; path = HumanBuildings.png; sourceTree = "<group>"; };
		E6811CB5180147A100654338 /* HumanFootmanSheet.png */ = {isa = PBXFileReference; lastKnownFileType = image.png; path = HumanFootmanSheet.png; sourceTree = "<group>"; };
		E6811CB6180147A100654338 /* HumanKnightSheet.png */ = {isa = PBXFileReference; lastKnownFileType = image.png; path = HumanKnightSheet.png; sourceTree = "<group>"; };
		E6811CB7180147A100654338 /* HumanMageSheet.png */ = {isa = PBXFileReference; lastKnownFileType = image.png; path = HumanMageSheet.png; sourceTree = "<group>"; };
		E6811CB8180147A100654338 /* HumanPeasantSheet.png */ = {isa = PBXFileReference; lastKnownFileType = image.png; path = HumanPeasantSheet.png; sourceTree = "<group>"; };
		E6811CB9180147A100654338 /* Avatar0.png */ = {isa = PBXFileReference; lastKnownFileType = image.png; path = Avatar0.png; sourceTree = "<group>"; };
		E6811CBA180147A100654338 /* Avatar1.png */ = {isa = PBXFileReference; lastKnownFileType = image.png; path = Avatar1.png; sourceTree = "<group>"; };
		E6811CBB180147A100654338 /* build.png */ = {isa = PBXFileReference; lastKnownFileType = image.png; path = build.png; sourceTree = "<group>"; };
		E6811CBC180147A100654338 /* BuildingDefinitions.xml */ = {isa = PBXFileReference; fileEncoding = 4; lastKnownFileType = text.xml; path = BuildingDefinitions.xml; sourceTree = "<group>"; };
		E6811CBD180147A100654338 /* BuildingsMisc.png */ = {isa = PBXFileReference; lastKnownFileType = image.png; path = BuildingsMisc.png; sourceTree = "<group>"; };
		E6811CBE180147A100654338 /* BuildMenu.xml */ = {isa = PBXFileReference; fileEncoding = 4; lastKnownFileType = text.xml; path = BuildMenu.xml; sourceTree = "<group>"; };
		E6811CBF180147A100654338 /* Choicelarge.png */ = {isa = PBXFileReference; lastKnownFileType = image.png; path = Choicelarge.png; sourceTree = "<group>"; };
		E6811CC0180147A100654338 /* Consolas.ttf */ = {isa = PBXFileReference; lastKnownFileType = file; path = Consolas.ttf; sourceTree = "<group>"; };
		E6811CC1180147A100654338 /* CritterSheet.png */ = {isa = PBXFileReference; lastKnownFileType = image.png; path = CritterSheet.png; sourceTree = "<group>"; };
		E6811CC2180147A100654338 /* Dialogue.xml */ = {isa = PBXFileReference; fileEncoding = 4; lastKnownFileType = text.xml; path = Dialogue.xml; sourceTree = "<group>"; };
		E6811CC3180147A100654338 /* DialogueCircle.png */ = {isa = PBXFileReference; lastKnownFileType = image.png; path = DialogueCircle.png; sourceTree = "<group>"; };
		E6811CC4180147A100654338 /* DialogueInterface.xml */ = {isa = PBXFileReference; fileEncoding = 4; lastKnownFileType = text.xml; path = DialogueInterface.xml; sourceTree = "<group>"; };
		E6811CC5180147A100654338 /* dragon_knight_wallpaper_by_ekoputeh-d2y7tyc.jpg */ = {isa = PBXFileReference; lastKnownFileType = image.jpeg; path = "dragon_knight_wallpaper_by_ekoputeh-d2y7tyc.jpg"; sourceTree = "<group>"; };
		E6811CC6180147A100654338 /* DragonSheet.png */ = {isa = PBXFileReference; lastKnownFileType = image.png; path = DragonSheet.png; sourceTree = "<group>"; };
		E6811CC7180147A100654338 /* EconomyMenu.xml */ = {isa = PBXFileReference; fileEncoding = 4; lastKnownFileType = text.xml; path = EconomyMenu.xml; sourceTree = "<group>"; };
		E6811CC8180147A100654338 /* Fine_Wool.png */ = {isa = PBXFileReference; lastKnownFileType = image.png; path = Fine_Wool.png; sourceTree = "<group>"; };
		E6811CC9180147A100654338 /* Flour.png */ = {isa = PBXFileReference; lastKnownFileType = image.png; path = Flour.png; sourceTree = "<group>"; };
		E6811CCA180147A100654338 /* Food.png */ = {isa = PBXFileReference; lastKnownFileType = image.png; path = Food.png; sourceTree = "<group>"; };
		E6811CCB180147A100654338 /* GameMenu.xml */ = {isa = PBXFileReference; fileEncoding = 4; lastKnownFileType = text.xml; path = GameMenu.xml; sourceTree = "<group>"; };
		E6811CCC180147A100654338 /* GameResources.xml */ = {isa = PBXFileReference; fileEncoding = 4; lastKnownFileType = text.xml; path = GameResources.xml; sourceTree = "<group>"; };
		E6811CCD180147A100654338 /* gradients.png */ = {isa = PBXFileReference; lastKnownFileType = image.png; path = gradients.png; sourceTree = "<group>"; };
		E6811CCE180147A100654338 /* home.png */ = {isa = PBXFileReference; lastKnownFileType = image.png; path = home.png; sourceTree = "<group>"; };
		E6811CCF180147A100654338 /* HumanArcherSheet.png */ = {isa = PBXFileReference; lastKnownFileType = image.png; path = HumanArcherSheet.png; sourceTree = "<group>"; };
		E6811CD0180147A100654338 /* HumanBuildings.png */ = {isa = PBXFileReference; lastKnownFileType = image.png; path = HumanBuildings.png; sourceTree = "<group>"; };
		E6811CD1180147A100654338 /* HumanFarm.png */ = {isa = PBXFileReference; lastKnownFileType = image.png; path = HumanFarm.png; sourceTree = "<group>"; };
		E6811CD2180147A100654338 /* HumanFootmanSheet.png */ = {isa = PBXFileReference; lastKnownFileType = image.png; path = HumanFootmanSheet.png; sourceTree = "<group>"; };
		E6811CD3180147A100654338 /* HumanKnightSheet.png */ = {isa = PBXFileReference; lastKnownFileType = image.png; path = HumanKnightSheet.png; sourceTree = "<group>"; };
		E6811CD4180147A100654338 /* HumanMageSheet.png */ = {isa = PBXFileReference; lastKnownFileType = image.png; path = HumanMageSheet.png; sourceTree = "<group>"; };
		E6811CD5180147A100654338 /* HumanPeasantSheet.png */ = {isa = PBXFileReference; lastKnownFileType = image.png; path = HumanPeasantSheet.png; sourceTree = "<group>"; };
		E6811CD6180147A100654338 /* Iron.png */ = {isa = PBXFileReference; lastKnownFileType = image.png; path = Iron.png; sourceTree = "<group>"; };
		E6811CD7180147A100654338 /* package_development.png */ = {isa = PBXFileReference; lastKnownFileType = image.png; path = package_development.png; sourceTree = "<group>"; };
		E6811CD8180147A100654338 /* paper background.png */ = {isa = PBXFileReference; lastKnownFileType = image.png; path = "paper background.png"; sourceTree = "<group>"; };
		E6811CD9180147A100654338 /* People.png */ = {isa = PBXFileReference; lastKnownFileType = image.png; path = People.png; sourceTree = "<group>"; };
		E6811CDA180147A100654338 /* PineWoodPlanks.png */ = {isa = PBXFileReference; lastKnownFileType = image.png; path = PineWoodPlanks.png; sourceTree = "<group>"; };
		E6811CDB180147A100654338 /* Planks.png */ = {isa = PBXFileReference; lastKnownFileType = image.png; path = Planks.png; sourceTree = "<group>"; };
		E6811CDC180147A100654338 /* RPG_GUI_v1.png */ = {isa = PBXFileReference; lastKnownFileType = image.png; path = RPG_GUI_v1.png; sourceTree = "<group>"; };
		E6811CDD180147A100654338 /* RPG_GUI_v1_source.xcf */ = {isa = PBXFileReference; lastKnownFileType = file; path = RPG_GUI_v1_source.xcf; sourceTree = "<group>"; };
		E6811CDE180147A100654338 /* samaze_017.jpg */ = {isa = PBXFileReference; lastKnownFileType = image.jpeg; path = samaze_017.jpg; sourceTree = "<group>"; };
		E6811CDF180147A100654338 /* settings.png */ = {isa = PBXFileReference; lastKnownFileType = image.png; path = settings.png; sourceTree = "<group>"; };
		E6811CE0180147A100654338 /* Sheep0007.png */ = {isa = PBXFileReference; lastKnownFileType = image.png; path = Sheep0007.png; sourceTree = "<group>"; };
		E6811CE1180147A100654338 /* Sprites.xml */ = {isa = PBXFileReference; fileEncoding = 4; lastKnownFileType = text.xml; path = Sprites.xml; sourceTree = "<group>"; };
		E6811CE2180147A100654338 /* Stone.PNG */ = {isa = PBXFileReference; lastKnownFileType = image.png; path = Stone.PNG; sourceTree = "<group>"; };
		E6811CE3180147A100654338 /* StoneMaterial_01_Icon-36x36.png */ = {isa = PBXFileReference; lastKnownFileType = image.png; path = "StoneMaterial_01_Icon-36x36.png"; sourceTree = "<group>"; };
		E6811CE4180147A100654338 /* terrain_atlas.png */ = {isa = PBXFileReference; lastKnownFileType = image.png; path = terrain_atlas.png; sourceTree = "<group>"; };
		E6811CE5180147A100654338 /* TestDialogue.dia */ = {isa = PBXFileReference; fileEncoding = 4; lastKnownFileType = text; path = TestDialogue.dia; sourceTree = "<group>"; };
		E6811CE6180147A100654338 /* Vera.ttf */ = {isa = PBXFileReference; lastKnownFileType = file; path = Vera.ttf; sourceTree = "<group>"; };
		E6811CE7180147A100654338 /* VeraMono.ttf */ = {isa = PBXFileReference; lastKnownFileType = file; path = VeraMono.ttf; sourceTree = "<group>"; };
		E6811CE8180147A100654338 /* Weapons.png */ = {isa = PBXFileReference; lastKnownFileType = image.png; path = Weapons.png; sourceTree = "<group>"; };
		E6811CE9180147A100654338 /* Wheat (1).png */ = {isa = PBXFileReference; lastKnownFileType = image.png; path = "Wheat (1).png"; sourceTree = "<group>"; };
		E6811CEA180147A100654338 /* Wheat.png */ = {isa = PBXFileReference; lastKnownFileType = image.png; path = Wheat.png; sourceTree = "<group>"; };
		E6811CEB180147A100654338 /* Wheat_Flour.png */ = {isa = PBXFileReference; lastKnownFileType = image.png; path = Wheat_Flour.png; sourceTree = "<group>"; };
		E6811CEC180147A100654338 /* wood background.png */ = {isa = PBXFileReference; lastKnownFileType = image.png; path = "wood background.png"; sourceTree = "<group>"; };
		E6811CED180147A100654338 /* Wood.png */ = {isa = PBXFileReference; lastKnownFileType = image.png; path = Wood.png; sourceTree = "<group>"; };
		E6811CEE180147A100654338 /* Wool.png */ = {isa = PBXFileReference; lastKnownFileType = image.png; path = Wool.png; sourceTree = "<group>"; };
		E6811CEF180147A100654338 /* Yew_Logs.PNG */ = {isa = PBXFileReference; lastKnownFileType = image.png; path = Yew_Logs.PNG; sourceTree = "<group>"; };
		E6A87507180144AB00D27452 /* EconomyMenu.cpp */ = {isa = PBXFileReference; fileEncoding = 4; lastKnownFileType = sourcecode.cpp.cpp; name = EconomyMenu.cpp; path = ../Projects/VS2012/EconomyMenu.cpp; sourceTree = "<group>"; };
		E6A87508180144AB00D27452 /* EconomyMenu.h */ = {isa = PBXFileReference; fileEncoding = 4; lastKnownFileType = sourcecode.c.h; name = EconomyMenu.h; path = ../Projects/VS2012/EconomyMenu.h; sourceTree = "<group>"; };
		E6C58D5517F851BD0020F28D /* libfreetype.a */ = {isa = PBXFileReference; lastKnownFileType = archive.ar; name = libfreetype.a; path = ../../../LunaEngine/Engine/Externals/freetype2/libfreetype.a; sourceTree = "<group>"; };
		E6C58D7917F854710020F28D /* libangelscript.a */ = {isa = PBXFileReference; lastKnownFileType = archive.ar; name = libangelscript.a; path = "../../../../Library/Developer/Xcode/DerivedData/angelscript-esvhdojcldbyopdjdxbevxsvovbi/Build/Products/Release-iphoneos/libangelscript.a"; sourceTree = "<group>"; };
		E6C58D7D17F85AA20020F28D /* libz.1.1.3.dylib */ = {isa = PBXFileReference; lastKnownFileType = "compiled.mach-o.dylib"; name = libz.1.1.3.dylib; path = usr/lib/libz.1.1.3.dylib; sourceTree = SDKROOT; };
		E6D0BDA117CE1A8400CAC564 /* Engine.xcodeproj */ = {isa = PBXFileReference; lastKnownFileType = "wrapper.pb-project"; name = Engine.xcodeproj; path = ../../../LunaEngine/Projects/iOS/Engine.xcodeproj; sourceTree = "<group>"; };
		E6D0BDB317CE1EB400CAC564 /* libangelscript.a */ = {isa = PBXFileReference; lastKnownFileType = archive.ar; name = libangelscript.a; path = ../../../LunaEngine/Engine/Externals/AngelScript/iOS/libangelscript.a; sourceTree = "<group>"; };
		E6D0BDC217CE1FD500CAC564 /* VillageGame Mac */ = {isa = PBXFileReference; explicitFileType = "compiled.mach-o.executable"; includeInIndex = 0; path = "VillageGame Mac"; sourceTree = BUILT_PRODUCTS_DIR; };
		E6D0BE4D17CE2DA800CAC564 /* libz.dylib */ = {isa = PBXFileReference; lastKnownFileType = "compiled.mach-o.dylib"; name = libz.dylib; path = Platforms/MacOSX.platform/Developer/SDKs/MacOSX10.8.sdk/usr/lib/libz.dylib; sourceTree = DEVELOPER_DIR; };
		E6D0BE4F17CE2DC100CAC564 /* libangelscript.a */ = {isa = PBXFileReference; lastKnownFileType = archive.ar; name = libangelscript.a; path = ../../../LunaEngine/Engine/Externals/AngelScript/iOS/Release/libangelscript.a; sourceTree = "<group>"; };
		E6FD5FAF17CABAFA00F59339 /* Source - Copy.cpp */ = {isa = PBXFileReference; fileEncoding = 4; lastKnownFileType = sourcecode.cpp.cpp; path = "Source - Copy.cpp"; sourceTree = "<group>"; };
/* End PBXFileReference section */

/* Begin PBXFrameworksBuildPhase section */
		E63EAE8D17C69EC0006F1456 /* Frameworks */ = {
			isa = PBXFrameworksBuildPhase;
			buildActionMask = 2147483647;
			files = (
				E6D0BDB517CE1EBE00CAC564 /* libEngine.a in Frameworks */,
				E63EAED917C6BFF1006F1456 /* libz.dylib in Frameworks */,
				E63EAEC617C6A0F9006F1456 /* QuartzCore.framework in Frameworks */,
				E6C58D5617F851BD0020F28D /* libfreetype.a in Frameworks */,
				E6C58D7A17F854710020F28D /* libangelscript.a in Frameworks */,
				E63EAEC417C6A0EC006F1456 /* OpenGLES.framework in Frameworks */,
				E63EAE9417C69EC0006F1456 /* UIKit.framework in Frameworks */,
				E63EAE9617C69EC0006F1456 /* Foundation.framework in Frameworks */,
				E63EAE9817C69EC0006F1456 /* CoreGraphics.framework in Frameworks */,
			);
			runOnlyForDeploymentPostprocessing = 0;
		};
		E6D0BDBF17CE1FD500CAC564 /* Frameworks */ = {
			isa = PBXFrameworksBuildPhase;
			buildActionMask = 2147483647;
			files = (
				E6059D5B17DCA07800C6681B /* OpenGL.framework in Frameworks */,
				E6059D5917DC9F2A00C6681B /* IOKit.framework in Frameworks */,
				E64768D417E123170080BCAF /* libangelscript.a in Frameworks */,
				E6059D5517DC9F0E00C6681B /* Cocoa.framework in Frameworks */,
				E6D0BE4E17CE2DA800CAC564 /* libz.dylib in Frameworks */,
				E6D0BE4B17CE2D1000CAC564 /* libEngine Mac.a in Frameworks */,
			);
			runOnlyForDeploymentPostprocessing = 0;
		};
/* End PBXFrameworksBuildPhase section */

/* Begin PBXGroup section */
		E63EAE8717C69EC0006F1456 = {
			isa = PBXGroup;
			children = (
				E64768D217E123000080BCAF /* libangelscriptd.a */,
				E64768D017E122FB0080BCAF /* libangelscript.a */,
				E6059DD417DCB46000C6681B /* libvorbis.a */,
				E6059D5A17DCA07800C6681B /* OpenGL.framework */,
				E6059D5817DC9F2A00C6681B /* IOKit.framework */,
				E6059D5417DC9F0E00C6681B /* Cocoa.framework */,
				E6D0BE4F17CE2DC100CAC564 /* libangelscript.a */,
				E6D0BE4D17CE2DA800CAC564 /* libz.dylib */,
				E6D0BDB317CE1EB400CAC564 /* libangelscript.a */,
				E6D0BDA117CE1A8400CAC564 /* Engine.xcodeproj */,
				E63EAE9917C69EC0006F1456 /* VillageGame */,
				E63EAE9217C69EC0006F1456 /* Frameworks */,
				E63EAE9117C69EC0006F1456 /* Products */,
				E6811CAA180147A100654338 /* Assets */,
			);
			sourceTree = "<group>";
		};
		E63EAE9117C69EC0006F1456 /* Products */ = {
			isa = PBXGroup;
			children = (
				E63EAE9017C69EC0006F1456 /* VillageGame.app */,
				E6D0BDC217CE1FD500CAC564 /* VillageGame Mac */,
			);
			name = Products;
			sourceTree = "<group>";
		};
		E63EAE9217C69EC0006F1456 /* Frameworks */ = {
			isa = PBXGroup;
			children = (
				E6C58D7D17F85AA20020F28D /* libz.1.1.3.dylib */,
				E6C58D7917F854710020F28D /* libangelscript.a */,
				E6C58D5517F851BD0020F28D /* libfreetype.a */,
				E63EAED817C6BFF1006F1456 /* libz.dylib */,
				E63EAEC517C6A0F9006F1456 /* QuartzCore.framework */,
				E63EAEC317C6A0EC006F1456 /* OpenGLES.framework */,
				E63EAE9317C69EC0006F1456 /* UIKit.framework */,
				E63EAE9517C69EC0006F1456 /* Foundation.framework */,
				E63EAE9717C69EC0006F1456 /* CoreGraphics.framework */,
			);
			name = Frameworks;
			sourceTree = "<group>";
		};
		E63EAE9917C69EC0006F1456 /* VillageGame */ = {
			isa = PBXGroup;
			children = (
				E6166C3C17F86C5F00333D8B /* VillageGame.entitlements */,
				E6FD5FAE17CABAFA00F59339 /* Source */,
				E63EAE9A17C69EC0006F1456 /* Supporting Files */,
			);
			path = VillageGame;
			sourceTree = "<group>";
		};
		E63EAE9A17C69EC0006F1456 /* Supporting Files */ = {
			isa = PBXGroup;
			children = (
				E63EAE9B17C69EC0006F1456 /* VillageGame-Info.plist */,
				E63EAE9C17C69EC0006F1456 /* InfoPlist.strings */,
				E63EAEA117C69EC0006F1456 /* VillageGame-Prefix.pch */,
				E63EAEA517C69EC0006F1456 /* Default.png */,
				E63EAEA717C69EC0006F1456 /* Default@2x.png */,
				E63EAEA917C69EC0006F1456 /* Default-568h@2x.png */,
			);
			name = "Supporting Files";
			sourceTree = "<group>";
		};
		E6811CAA180147A100654338 /* Assets */ = {
			isa = PBXGroup;
			children = (
				E6811CAB180147A100654338 /* 38px-Ashfur_(TC).warrior.png */,
				E6811CAC180147A100654338 /* 595x801_19476_Oriana_2d_fantasy_pathfinder_portrait_scars_knight_girl_woman_picture_image_digital_art.jpg */,
				E6811CAD180147A100654338 /* Arial.ttf */,
				E6811CAE180147A100654338 /* Art */,
				E6811CB9180147A100654338 /* Avatar0.png */,
				E6811CBA180147A100654338 /* Avatar1.png */,
				E6811CBB180147A100654338 /* build.png */,
				E6811CBC180147A100654338 /* BuildingDefinitions.xml */,
				E6811CBD180147A100654338 /* BuildingsMisc.png */,
				E6811CBE180147A100654338 /* BuildMenu.xml */,
				E6811CBF180147A100654338 /* Choicelarge.png */,
				E6811CC0180147A100654338 /* Consolas.ttf */,
				E6811CC1180147A100654338 /* CritterSheet.png */,
				E6811CC2180147A100654338 /* Dialogue.xml */,
				E6811CC3180147A100654338 /* DialogueCircle.png */,
				E6811CC4180147A100654338 /* DialogueInterface.xml */,
				E6811CC5180147A100654338 /* dragon_knight_wallpaper_by_ekoputeh-d2y7tyc.jpg */,
				E6811CC6180147A100654338 /* DragonSheet.png */,
				E6811CC7180147A100654338 /* EconomyMenu.xml */,
				E6811CC8180147A100654338 /* Fine_Wool.png */,
				E6811CC9180147A100654338 /* Flour.png */,
				E6811CCA180147A100654338 /* Food.png */,
				E6811CCB180147A100654338 /* GameMenu.xml */,
				E6811CCC180147A100654338 /* GameResources.xml */,
				E6811CCD180147A100654338 /* gradients.png */,
				E6811CCE180147A100654338 /* home.png */,
				E6811CCF180147A100654338 /* HumanArcherSheet.png */,
				E6811CD0180147A100654338 /* HumanBuildings.png */,
				E6811CD1180147A100654338 /* HumanFarm.png */,
				E6811CD2180147A100654338 /* HumanFootmanSheet.png */,
				E6811CD3180147A100654338 /* HumanKnightSheet.png */,
				E6811CD4180147A100654338 /* HumanMageSheet.png */,
				E6811CD5180147A100654338 /* HumanPeasantSheet.png */,
				E6811CD6180147A100654338 /* Iron.png */,
				E6811CD7180147A100654338 /* package_development.png */,
				E6811CD8180147A100654338 /* paper background.png */,
				E6811CD9180147A100654338 /* People.png */,
				E6811CDA180147A100654338 /* PineWoodPlanks.png */,
				E6811CDB180147A100654338 /* Planks.png */,
				E6811CDC180147A100654338 /* RPG_GUI_v1.png */,
				E6811CDD180147A100654338 /* RPG_GUI_v1_source.xcf */,
				E6811CDE180147A100654338 /* samaze_017.jpg */,
				E6811CDF180147A100654338 /* settings.png */,
				E6811CE0180147A100654338 /* Sheep0007.png */,
				E6811CE1180147A100654338 /* Sprites.xml */,
				E6811CE2180147A100654338 /* Stone.PNG */,
				E6811CE3180147A100654338 /* StoneMaterial_01_Icon-36x36.png */,
				E6811CE4180147A100654338 /* terrain_atlas.png */,
				E6811CE5180147A100654338 /* TestDialogue.dia */,
				E6811CE6180147A100654338 /* Vera.ttf */,
				E6811CE7180147A100654338 /* VeraMono.ttf */,
				E6811CE8180147A100654338 /* Weapons.png */,
				E6811CE9180147A100654338 /* Wheat (1).png */,
				E6811CEA180147A100654338 /* Wheat.png */,
				E6811CEB180147A100654338 /* Wheat_Flour.png */,
				E6811CEC180147A100654338 /* wood background.png */,
				E6811CED180147A100654338 /* Wood.png */,
				E6811CEE180147A100654338 /* Wool.png */,
				E6811CEF180147A100654338 /* Yew_Logs.PNG */,
			);
			name = Assets;
			path = ../../Bin/Assets;
			sourceTree = "<group>";
		};
		E6811CAE180147A100654338 /* Art */ = {
			isa = PBXGroup;
			children = (
				E6811CAF180147A100654338 /* SpriteSheets */,
			);
			path = Art;
			sourceTree = "<group>";
		};
		E6811CAF180147A100654338 /* SpriteSheets */ = {
			isa = PBXGroup;
			children = (
				E6811CB0180147A100654338 /* BuildingsMisc.png */,
				E6811CB1180147A100654338 /* CritterSheet.png */,
				E6811CB2180147A100654338 /* DragonSheet.png */,
				E6811CB3180147A100654338 /* HumanArcherSheet.png */,
				E6811CB4180147A100654338 /* HumanBuildings.png */,
				E6811CB5180147A100654338 /* HumanFootmanSheet.png */,
				E6811CB6180147A100654338 /* HumanKnightSheet.png */,
				E6811CB7180147A100654338 /* HumanMageSheet.png */,
				E6811CB8180147A100654338 /* HumanPeasantSheet.png */,
			);
			path = SpriteSheets;
			sourceTree = "<group>";
		};
		E6D0BDA217CE1A8400CAC564 /* Products */ = {
			isa = PBXGroup;
			children = (
				E6D0BDA617CE1A8400CAC564 /* libEngine.a */,
				E6D0BDCA17CE1FD500CAC564 /* libEngine Mac.a */,
			);
			name = Products;
			sourceTree = "<group>";
		};
		E6FD5FAE17CABAFA00F59339 /* Source */ = {
			isa = PBXGroup;
			children = (
				E6358FA617FCC89C00A0317B /* BuildingComponent.cpp */,
				E6358FA717FCC89C00A0317B /* BuildingComponent.h */,
				E6358FA817FCC89C00A0317B /* BuildingComponentData.cpp */,
				E6358FA917FCC89C00A0317B /* BuildingComponentData.h */,
				E6358FAA17FCC89C00A0317B /* Economy.cpp */,
				E6358FAB17FCC89C00A0317B /* Economy.h */,
				E6358FAC17FCC89C00A0317B /* GameMenu.cpp */,
				E6358FAD17FCC89C00A0317B /* GameMenu.h */,
				E6358FAE17FCC89C00A0317B /* GameWorld.cpp */,
				E6358FAF17FCC89C00A0317B /* GameWorld.h */,
				E6358FB017FCC89C00A0317B /* Main.cpp */,
				E6358FB117FCC89C00A0317B /* Main.h */,
				E6358FB217FCC89C00A0317B /* ResourceComponent.cpp */,
				E6358FB317FCC89C00A0317B /* ResourceComponent.h */,
				E6358FB417FCC89C00A0317B /* ResourceComponentData.cpp */,
				E6358FB517FCC89C00A0317B /* ResourceComponentData.h */,
				E6A87507180144AB00D27452 /* EconomyMenu.cpp */,
				E6A87508180144AB00D27452 /* EconomyMenu.h */,
				E6358FB617FCC89C00A0317B /* ScrollCamera.cpp */,
				E6358FB717FCC89C00A0317B /* ScrollCamera.h */,
				E6358FB817FCC89C00A0317B /* TreeComponent.cpp */,
				E6358FB917FCC89C00A0317B /* TreeComponent.h */,
				E6358FBA17FCC89C00A0317B /* TreeComponentData.cpp */,
				E6358FBB17FCC89C00A0317B /* TreeComponentData.h */,
				E6358FBC17FCC89C00A0317B /* VillageGame.cpp */,
				E6358FBD17FCC89C00A0317B /* VillageGame.h */,
				E6FD5FAF17CABAFA00F59339 /* Source - Copy.cpp */,
				E60B6B6617E362A500C8FEBE /* IslandData.cpp */,
				E60B6B6717E362A500C8FEBE /* IslandData.h */,
				E624BB59180C0044006ECA21 /* Player.cpp */,
				E624BB5A180C0044006ECA21 /* Player.h */,
				E624BB74180C4B5A006ECA21 /* ProducerComponent.cpp */,
				E624BB75180C4B5A006ECA21 /* ProducerComponent.h */,
			);
			name = Source;
			path = ../../../Source;
			sourceTree = "<group>";
		};
/* End PBXGroup section */

/* Begin PBXNativeTarget section */
		E63EAE8F17C69EC0006F1456 /* VillageGame */ = {
			isa = PBXNativeTarget;
			buildConfigurationList = E63EAEAD17C69EC0006F1456 /* Build configuration list for PBXNativeTarget "VillageGame" */;
			buildPhases = (
				E63EAE8C17C69EC0006F1456 /* Sources */,
				E63EAE8D17C69EC0006F1456 /* Frameworks */,
				E63EAE8E17C69EC0006F1456 /* Resources */,
			);
			buildRules = (
			);
			dependencies = (
			);
			name = VillageGame;
			productName = VillageGame;
			productReference = E63EAE9017C69EC0006F1456 /* VillageGame.app */;
			productType = "com.apple.product-type.application";
		};
		E6D0BDC117CE1FD500CAC564 /* VillageGame Mac */ = {
			isa = PBXNativeTarget;
			buildConfigurationList = E6D0BDCB17CE1FD500CAC564 /* Build configuration list for PBXNativeTarget "VillageGame Mac" */;
			buildPhases = (
				E6D0BDBE17CE1FD500CAC564 /* Sources */,
				E6D0BDBF17CE1FD500CAC564 /* Frameworks */,
				E6D0BDC017CE1FD500CAC564 /* CopyFiles */,
			);
			buildRules = (
			);
			dependencies = (
			);
			name = "VillageGame Mac";
			productName = "VillageGame Mac";
			productReference = E6D0BDC217CE1FD500CAC564 /* VillageGame Mac */;
			productType = "com.apple.product-type.tool";
		};
/* End PBXNativeTarget section */

/* Begin PBXProject section */
		E63EAE8817C69EC0006F1456 /* Project object */ = {
			isa = PBXProject;
			attributes = {
				LastUpgradeCheck = 0460;
				ORGANIZATIONNAME = "";
				TargetAttributes = {
					E63EAE8F17C69EC0006F1456 = {
						DevelopmentTeam = SDHFUXJM5Y;
						SystemCapabilities = {
							com.apple.iCloud = {
								enabled = 1;
							};
						};
					};
				};
			};
			buildConfigurationList = E63EAE8B17C69EC0006F1456 /* Build configuration list for PBXProject "VillageGame" */;
			compatibilityVersion = "Xcode 3.2";
			developmentRegion = English;
			hasScannedForEncodings = 0;
			knownRegions = (
				en,
			);
			mainGroup = E63EAE8717C69EC0006F1456;
			productRefGroup = E63EAE9117C69EC0006F1456 /* Products */;
			projectDirPath = "";
			projectReferences = (
				{
					ProductGroup = E6D0BDA217CE1A8400CAC564 /* Products */;
					ProjectRef = E6D0BDA117CE1A8400CAC564 /* Engine.xcodeproj */;
				},
			);
			projectRoot = "";
			targets = (
				E63EAE8F17C69EC0006F1456 /* VillageGame */,
				E6D0BDC117CE1FD500CAC564 /* VillageGame Mac */,
			);
		};
/* End PBXProject section */

/* Begin PBXReferenceProxy section */
		E6D0BDA617CE1A8400CAC564 /* libEngine.a */ = {
			isa = PBXReferenceProxy;
			fileType = archive.ar;
			path = libEngine.a;
			remoteRef = E6D0BDA517CE1A8400CAC564 /* PBXContainerItemProxy */;
			sourceTree = BUILT_PRODUCTS_DIR;
		};
		E6D0BDCA17CE1FD500CAC564 /* libEngine Mac.a */ = {
			isa = PBXReferenceProxy;
			fileType = archive.ar;
			path = "libEngine Mac.a";
			remoteRef = E6D0BDC917CE1FD500CAC564 /* PBXContainerItemProxy */;
			sourceTree = BUILT_PRODUCTS_DIR;
		};
/* End PBXReferenceProxy section */

/* Begin PBXResourcesBuildPhase section */
		E63EAE8E17C69EC0006F1456 /* Resources */ = {
			isa = PBXResourcesBuildPhase;
			buildActionMask = 2147483647;
			files = (
				E6811CFF180147A100654338 /* BuildingDefinitions.xml in Resources */,
				E6811D16180147A100654338 /* HumanKnightSheet.png in Resources */,
				E6811CF4180147A100654338 /* CritterSheet.png in Resources */,
				E6811D21180147A100654338 /* samaze_017.jpg in Resources */,
				E6811D0B180147A100654338 /* Fine_Wool.png in Resources */,
				E6811D27180147A100654338 /* terrain_atlas.png in Resources */,
				E6811D09180147A100654338 /* DragonSheet.png in Resources */,
				E6811CFA180147A100654338 /* HumanMageSheet.png in Resources */,
				E6811D01180147A100654338 /* BuildMenu.xml in Resources */,
				E63EAE9E17C69EC0006F1456 /* InfoPlist.strings in Resources */,
				E6811CF5180147A100654338 /* DragonSheet.png in Resources */,
				E6811CF7180147A100654338 /* HumanBuildings.png in Resources */,
				E6811D04180147A100654338 /* CritterSheet.png in Resources */,
				E6811CF3180147A100654338 /* BuildingsMisc.png in Resources */,
				E6811D06180147A100654338 /* DialogueCircle.png in Resources */,
				E6811D17180147A100654338 /* HumanMageSheet.png in Resources */,
				E6811D11180147A100654338 /* home.png in Resources */,
				E6811CFB180147A100654338 /* HumanPeasantSheet.png in Resources */,
				E6811D2C180147A100654338 /* Wheat (1).png in Resources */,
				E6811D02180147A100654338 /* Choicelarge.png in Resources */,
				E6811D19180147A100654338 /* Iron.png in Resources */,
				E6811D29180147A100654338 /* Vera.ttf in Resources */,
				E6811D0E180147A100654338 /* GameMenu.xml in Resources */,
				E6811D05180147A100654338 /* Dialogue.xml in Resources */,
				E6811CF1180147A100654338 /* 595x801_19476_Oriana_2d_fantasy_pathfinder_portrait_scars_knight_girl_woman_picture_image_digital_art.jpg in Resources */,
				E6811CF6180147A100654338 /* HumanArcherSheet.png in Resources */,
				E6811CF2180147A100654338 /* Arial.ttf in Resources */,
				E6811D32180147A100654338 /* Yew_Logs.PNG in Resources */,
				E6811D0A180147A100654338 /* EconomyMenu.xml in Resources */,
				E6811D2B180147A100654338 /* Weapons.png in Resources */,
				E6811D0C180147A100654338 /* Flour.png in Resources */,
				E6811D1C180147A100654338 /* People.png in Resources */,
				E6811D2A180147A100654338 /* VeraMono.ttf in Resources */,
				E6811D0F180147A100654338 /* GameResources.xml in Resources */,
				E6811CFD180147A100654338 /* Avatar1.png in Resources */,
				E6811D10180147A100654338 /* gradients.png in Resources */,
				E6811D12180147A100654338 /* HumanArcherSheet.png in Resources */,
				E6811D08180147A100654338 /* dragon_knight_wallpaper_by_ekoputeh-d2y7tyc.jpg in Resources */,
				E63EAEA617C69EC0006F1456 /* Default.png in Resources */,
				E6811D1B180147A100654338 /* paper background.png in Resources */,
				E6811D2D180147A100654338 /* Wheat.png in Resources */,
				E63EAEA817C69EC0006F1456 /* Default@2x.png in Resources */,
				E6811CFE180147A100654338 /* build.png in Resources */,
				E6811D31180147A100654338 /* Wool.png in Resources */,
				E6811D22180147A100654338 /* settings.png in Resources */,
				E6811CF8180147A100654338 /* HumanFootmanSheet.png in Resources */,
				E6811D26180147A100654338 /* StoneMaterial_01_Icon-36x36.png in Resources */,
				E6811D03180147A100654338 /* Consolas.ttf in Resources */,
				E6811D24180147A100654338 /* Sprites.xml in Resources */,
				E6811D14180147A100654338 /* HumanFarm.png in Resources */,
				E6811D30180147A100654338 /* Wood.png in Resources */,
				E6811D1A180147A100654338 /* package_development.png in Resources */,
				E6811D2E180147A100654338 /* Wheat_Flour.png in Resources */,
				E63EAEAA17C69EC0006F1456 /* Default-568h@2x.png in Resources */,
				E6811D28180147A100654338 /* TestDialogue.dia in Resources */,
				E6811D1F180147A100654338 /* RPG_GUI_v1.png in Resources */,
				E6811D07180147A100654338 /* DialogueInterface.xml in Resources */,
				E6811D18180147A100654338 /* HumanPeasantSheet.png in Resources */,
				E6811D2F180147A100654338 /* wood background.png in Resources */,
				E6811D0D180147A100654338 /* Food.png in Resources */,
				E6811D25180147A100654338 /* Stone.PNG in Resources */,
				E6811D15180147A100654338 /* HumanFootmanSheet.png in Resources */,
				E6811CF9180147A100654338 /* HumanKnightSheet.png in Resources */,
				E6811CFC180147A100654338 /* Avatar0.png in Resources */,
				E6811D1E180147A100654338 /* Planks.png in Resources */,
				E6811D00180147A100654338 /* BuildingsMisc.png in Resources */,
				E6811D1D180147A100654338 /* PineWoodPlanks.png in Resources */,
				E6811D23180147A100654338 /* Sheep0007.png in Resources */,
				E6811CF0180147A100654338 /* 38px-Ashfur_(TC).warrior.png in Resources */,
				E6811D13180147A100654338 /* HumanBuildings.png in Resources */,
				E6811D20180147A100654338 /* RPG_GUI_v1_source.xcf in Resources */,
			);
			runOnlyForDeploymentPostprocessing = 0;
		};
/* End PBXResourcesBuildPhase section */

/* Begin PBXSourcesBuildPhase section */
		E63EAE8C17C69EC0006F1456 /* Sources */ = {
			isa = PBXSourcesBuildPhase;
			buildActionMask = 2147483647;
			files = (
				E6A87509180144AB00D27452 /* EconomyMenu.cpp in Sources */,
				E6358FC217FCC89C00A0317B /* Economy.cpp in Sources */,
				E6FD5FB017CABAFA00F59339 /* Source - Copy.cpp in Sources */,
				E6358FD417FCC89C00A0317B /* VillageGame.cpp in Sources */,
				E6358FC017FCC89C00A0317B /* BuildingComponentData.cpp in Sources */,
				E6358FCE17FCC89C00A0317B /* ScrollCamera.cpp in Sources */,
				E6358FBE17FCC89C00A0317B /* BuildingComponent.cpp in Sources */,
				E6358FCA17FCC89C00A0317B /* ResourceComponent.cpp in Sources */,
				E624BB5B180C0044006ECA21 /* Player.cpp in Sources */,
				E6358FC417FCC89C00A0317B /* GameMenu.cpp in Sources */,
				E6358FC617FCC89C00A0317B /* GameWorld.cpp in Sources */,
				E6358FC817FCC89C00A0317B /* Main.cpp in Sources */,
				E624BB76180C4B5A006ECA21 /* ProducerComponent.cpp in Sources */,
				E6358FD217FCC89C00A0317B /* TreeComponentData.cpp in Sources */,
				E6358FD017FCC89C00A0317B /* TreeComponent.cpp in Sources */,
				E60B6B6817E362A500C8FEBE /* IslandData.cpp in Sources */,
				E6358FCC17FCC89C00A0317B /* ResourceComponentData.cpp in Sources */,
			);
			runOnlyForDeploymentPostprocessing = 0;
		};
		E6D0BDBE17CE1FD500CAC564 /* Sources */ = {
			isa = PBXSourcesBuildPhase;
			buildActionMask = 2147483647;
			files = (
				E6A8750A180144AB00D27452 /* EconomyMenu.cpp in Sources */,
				E6358FC317FCC89C00A0317B /* Economy.cpp in Sources */,
				E6D0BDD217CE29CE00CAC564 /* Source - Copy.cpp in Sources */,
				E6358FD517FCC89C00A0317B /* VillageGame.cpp in Sources */,
				E6358FC117FCC89C00A0317B /* BuildingComponentData.cpp in Sources */,
				E6358FCF17FCC89C00A0317B /* ScrollCamera.cpp in Sources */,
				E6358FBF17FCC89C00A0317B /* BuildingComponent.cpp in Sources */,
				E6358FCB17FCC89C00A0317B /* ResourceComponent.cpp in Sources */,
				E624BB5C180C0044006ECA21 /* Player.cpp in Sources */,
				E6358FC517FCC89C00A0317B /* GameMenu.cpp in Sources */,
				E6358FC717FCC89C00A0317B /* GameWorld.cpp in Sources */,
				E6358FC917FCC89C00A0317B /* Main.cpp in Sources */,
				E624BB77180C4B5A006ECA21 /* ProducerComponent.cpp in Sources */,
				E6358FD317FCC89C00A0317B /* TreeComponentData.cpp in Sources */,
				E6358FD117FCC89C00A0317B /* TreeComponent.cpp in Sources */,
				E60B6B6917E362A500C8FEBE /* IslandData.cpp in Sources */,
				E6358FCD17FCC89C00A0317B /* ResourceComponentData.cpp in Sources */,
			);
			runOnlyForDeploymentPostprocessing = 0;
		};
/* End PBXSourcesBuildPhase section */

/* Begin PBXVariantGroup section */
		E63EAE9C17C69EC0006F1456 /* InfoPlist.strings */ = {
			isa = PBXVariantGroup;
			children = (
				E63EAE9D17C69EC0006F1456 /* en */,
			);
			name = InfoPlist.strings;
			sourceTree = "<group>";
		};
/* End PBXVariantGroup section */

/* Begin XCBuildConfiguration section */
		E63EAEAB17C69EC0006F1456 /* Debug */ = {
			isa = XCBuildConfiguration;
			buildSettings = {
				ALWAYS_SEARCH_USER_PATHS = NO;
				CLANG_CXX_LANGUAGE_STANDARD = "gnu++0x";
				CLANG_CXX_LIBRARY = "libc++";
				CLANG_WARN_CONSTANT_CONVERSION = YES;
				CLANG_WARN_EMPTY_BODY = YES;
				CLANG_WARN_ENUM_CONVERSION = YES;
				CLANG_WARN_INT_CONVERSION = YES;
				CLANG_WARN__DUPLICATE_METHOD_MATCH = YES;
				CODE_SIGN_IDENTITY = "iPhone Developer: Shanee Nishry (EC5RMVS73Y)";
				"CODE_SIGN_IDENTITY[sdk=iphoneos*]" = "iPhone Developer: Shanee Nishry (EC5RMVS73Y)";
				COPY_PHASE_STRIP = NO;
				GCC_C_LANGUAGE_STANDARD = gnu99;
				GCC_DYNAMIC_NO_PIC = NO;
				GCC_OPTIMIZATION_LEVEL = 0;
				GCC_PREPROCESSOR_DEFINITIONS = (
					"NULL=0",
					_DEBUG,
					DEBUG,
				);
				GCC_SYMBOLS_PRIVATE_EXTERN = NO;
				GCC_WARN_ABOUT_RETURN_TYPE = YES;
				GCC_WARN_UNINITIALIZED_AUTOS = YES;
				GCC_WARN_UNUSED_VARIABLE = YES;
				HEADER_SEARCH_PATHS = ../../../LunaEngine/Engine;
				IPHONEOS_DEPLOYMENT_TARGET = 5.1;
				ONLY_ACTIVE_ARCH = YES;
				SDKROOT = iphoneos;
				TARGETED_DEVICE_FAMILY = "1,2";
				USER_HEADER_SEARCH_PATHS = ../../../LunaEngine/Engine;
			};
			name = Debug;
		};
		E63EAEAC17C69EC0006F1456 /* Release */ = {
			isa = XCBuildConfiguration;
			buildSettings = {
				ALWAYS_SEARCH_USER_PATHS = NO;
				CLANG_CXX_LANGUAGE_STANDARD = "gnu++0x";
				CLANG_CXX_LIBRARY = "libc++";
				CLANG_WARN_CONSTANT_CONVERSION = YES;
				CLANG_WARN_EMPTY_BODY = YES;
				CLANG_WARN_ENUM_CONVERSION = YES;
				CLANG_WARN_INT_CONVERSION = YES;
				CLANG_WARN__DUPLICATE_METHOD_MATCH = YES;
				CODE_SIGN_IDENTITY = "iPhone Developer: Shanee Nishry (EC5RMVS73Y)";
				"CODE_SIGN_IDENTITY[sdk=iphoneos*]" = "iPhone Developer: Shanee Nishry (EC5RMVS73Y)";
				COPY_PHASE_STRIP = YES;
				GCC_C_LANGUAGE_STANDARD = gnu99;
				GCC_PREPROCESSOR_DEFINITIONS = "NULL=0";
				GCC_WARN_ABOUT_RETURN_TYPE = YES;
				GCC_WARN_UNINITIALIZED_AUTOS = YES;
				GCC_WARN_UNUSED_VARIABLE = YES;
				HEADER_SEARCH_PATHS = ../../../LunaEngine/Engine;
				IPHONEOS_DEPLOYMENT_TARGET = 5.1;
				OTHER_CFLAGS = "-DNS_BLOCK_ASSERTIONS=1";
				SDKROOT = iphoneos;
				TARGETED_DEVICE_FAMILY = "1,2";
				USER_HEADER_SEARCH_PATHS = ../../../LunaEngine/Engine;
				VALIDATE_PRODUCT = YES;
			};
			name = Release;
		};
		E63EAEAE17C69EC0006F1456 /* Debug */ = {
			isa = XCBuildConfiguration;
			buildSettings = {
				ARCHS = "$(ARCHS_STANDARD)";
				CODE_SIGN_ENTITLEMENTS = VillageGame/VillageGame.entitlements;
				CODE_SIGN_IDENTITY = "iPhone Developer";
				"CODE_SIGN_IDENTITY[sdk=iphoneos*]" = "";
				GCC_PRECOMPILE_PREFIX_HEADER = YES;
				GCC_PREFIX_HEADER = "VillageGame/VillageGame-Prefix.pch";
				GCC_PREPROCESSOR_DEFINITIONS = (
					_iOS,
					"DEBUG=1",
					"NULL=0",
				);
				HEADER_SEARCH_PATHS = ../../../LunaEngine/Engine;
				INFOPLIST_FILE = "VillageGame/VillageGame-Info.plist";
				LIBRARY_SEARCH_PATHS = (
					"$(inherited)",
					"\\\"$(SRCROOT)/../../../LunaEngine/LunaEngine/Engine/Externals/AngelScript/iOS\\\"",
					"\\\"$(SRCROOT)/../../../LunaEngine/Engine/Externals/AngelScript/iOS\\\"",
					"\\\"$(SRCROOT)/../../../LunaEngine/Engine/Externals/AngelScript/iOS/OSX\\\"",
					/Users/Nishry/Documents/LunaEngine/Engine/Externals/freetype2,
					"$(USER_LIBRARY_DIR)/Developer/Xcode/DerivedData/angelscript-esvhdojcldbyopdjdxbevxsvovbi/Build/Products/Release-iphoneos",
				);
				PRODUCT_NAME = "$(TARGET_NAME)";
				PROVISIONING_PROFILE = "778E26AC-7782-4A25-B5E4-E7057711E7CB";
				WRAPPER_EXTENSION = app;
			};
			name = Debug;
		};
		E63EAEAF17C69EC0006F1456 /* Release */ = {
			isa = XCBuildConfiguration;
			buildSettings = {
				ARCHS = "$(ARCHS_STANDARD)";
				CODE_SIGN_ENTITLEMENTS = VillageGame/VillageGame.entitlements;
				CODE_SIGN_IDENTITY = "iPhone Developer";
				"CODE_SIGN_IDENTITY[sdk=iphoneos*]" = "";
				GCC_PRECOMPILE_PREFIX_HEADER = YES;
				GCC_PREFIX_HEADER = "VillageGame/VillageGame-Prefix.pch";
				GCC_PREPROCESSOR_DEFINITIONS = (
					_iOS,
					"NULL=0",
				);
				HEADER_SEARCH_PATHS = ../../../LunaEngine/Engine;
				INFOPLIST_FILE = "VillageGame/VillageGame-Info.plist";
				LIBRARY_SEARCH_PATHS = (
					"$(inherited)",
					"\\\"$(SRCROOT)/../../../LunaEngine/LunaEngine/Engine/Externals/AngelScript/iOS\\\"",
					"\\\"$(SRCROOT)/../../../LunaEngine/Engine/Externals/AngelScript/iOS\\\"",
					"\\\"$(SRCROOT)/../../../LunaEngine/Engine/Externals/AngelScript/iOS/OSX\\\"",
					/Users/Nishry/Documents/LunaEngine/Engine/Externals/freetype2,
					"$(USER_LIBRARY_DIR)/Developer/Xcode/DerivedData/angelscript-esvhdojcldbyopdjdxbevxsvovbi/Build/Products/Release-iphoneos",
				);
				PRODUCT_NAME = "$(TARGET_NAME)";
				PROVISIONING_PROFILE = "778E26AC-7782-4A25-B5E4-E7057711E7CB";
				WRAPPER_EXTENSION = app;
			};
			name = Release;
		};
		E6D0BDCC17CE1FD500CAC564 /* Debug */ = {
			isa = XCBuildConfiguration;
			buildSettings = {
				ARCHS = "$(ARCHS_STANDARD_32_BIT)";
				FRAMEWORK_SEARCH_PATHS = (
					"$(inherited)",
					"\"$(SRCROOT)/../../../LunaEngine/Engine/Externals/libvorbis/lib/OSX\"",
				);
				GCC_ENABLE_OBJC_EXCEPTIONS = YES;
				GCC_PREPROCESSOR_DEFINITIONS = (
					"DEBUG=1",
					"$(inherited)",
					_OSX,
					GLEW_STATIC,
				);
				GCC_WARN_64_TO_32_BIT_CONVERSION = YES;
				LIBRARY_SEARCH_PATHS = (
					"$(inherited)",
					"\"$(SRCROOT)/../../../LunaEngine/Engine/Externals/AngelScript/iOS\"",
					"\"$(SRCROOT)/../../../LunaEngine/Engine/Externals/AngelScript/iOS/Release\"",
					"\"$(SRCROOT)/../../../LunaEngine/Engine/Externals/AngelScript/iOS/OSX\"",
					"\"$(SRCROOT)/../../../LunaEngine/Engine/Platform/OSX/glfw\"",
					"\"$(SRCROOT)/../../../LunaEngine/Engine/Externals/libvorbis/lib/OSX\"",
				);
				MACOSX_DEPLOYMENT_TARGET = 10.8;
				PRODUCT_NAME = "$(TARGET_NAME)";
				SDKROOT = "";
			};
			name = Debug;
		};
		E6D0BDCD17CE1FD500CAC564 /* Release */ = {
			isa = XCBuildConfiguration;
			buildSettings = {
				ARCHS = "$(ARCHS_STANDARD_32_BIT)";
				DEBUG_INFORMATION_FORMAT = "dwarf-with-dsym";
				FRAMEWORK_SEARCH_PATHS = (
					"$(inherited)",
					"\"$(SRCROOT)/../../../LunaEngine/Engine/Externals/libvorbis/lib/OSX\"",
				);
				GCC_ENABLE_OBJC_EXCEPTIONS = YES;
				GCC_PREPROCESSOR_DEFINITIONS = (
					_OSX,
					GLEW_STATIC,
				);
				GCC_WARN_64_TO_32_BIT_CONVERSION = YES;
				LIBRARY_SEARCH_PATHS = (
					"$(inherited)",
					"\"$(SRCROOT)/../../../LunaEngine/Engine/Externals/AngelScript/iOS\"",
					"\"$(SRCROOT)/../../../LunaEngine/Engine/Externals/AngelScript/iOS/Release\"",
					"\"$(SRCROOT)/../../../LunaEngine/Engine/Externals/AngelScript/iOS/OSX\"",
					"\"$(SRCROOT)/../../../LunaEngine/Engine/Platform/OSX/glfw\"",
					"\"$(SRCROOT)/../../../LunaEngine/Engine/Externals/libvorbis/lib/OSX\"",
				);
				MACOSX_DEPLOYMENT_TARGET = 10.8;
				PRODUCT_NAME = "$(TARGET_NAME)";
				SDKROOT = "";
			};
			name = Release;
		};
/* End XCBuildConfiguration section */

/* Begin XCConfigurationList section */
		E63EAE8B17C69EC0006F1456 /* Build configuration list for PBXProject "VillageGame" */ = {
			isa = XCConfigurationList;
			buildConfigurations = (
				E63EAEAB17C69EC0006F1456 /* Debug */,
				E63EAEAC17C69EC0006F1456 /* Release */,
			);
			defaultConfigurationIsVisible = 0;
			defaultConfigurationName = Release;
		};
		E63EAEAD17C69EC0006F1456 /* Build configuration list for PBXNativeTarget "VillageGame" */ = {
			isa = XCConfigurationList;
			buildConfigurations = (
				E63EAEAE17C69EC0006F1456 /* Debug */,
				E63EAEAF17C69EC0006F1456 /* Release */,
			);
			defaultConfigurationIsVisible = 0;
			defaultConfigurationName = Release;
		};
		E6D0BDCB17CE1FD500CAC564 /* Build configuration list for PBXNativeTarget "VillageGame Mac" */ = {
			isa = XCConfigurationList;
			buildConfigurations = (
				E6D0BDCC17CE1FD500CAC564 /* Debug */,
				E6D0BDCD17CE1FD500CAC564 /* Release */,
			);
			defaultConfigurationIsVisible = 0;
			defaultConfigurationName = Release;
		};
/* End XCConfigurationList section */
	};
	rootObject = E63EAE8817C69EC0006F1456 /* Project object */;
}
