// !$*UTF8*$!
{
	archiveVersion = 1;
	classes = {
	};
	objectVersion = 46;
	objects = {

/* Begin PBXBuildFile section */
		E6059D5517DC9F0E00C6681B /* Cocoa.framework in Frameworks */ = {isa = PBXBuildFile; fileRef = E6059D5417DC9F0E00C6681B /* Cocoa.framework */; };
		E6059D5917DC9F2A00C6681B /* IOKit.framework in Frameworks */ = {isa = PBXBuildFile; fileRef = E6059D5817DC9F2A00C6681B /* IOKit.framework */; };
		E6059D5B17DCA07800C6681B /* OpenGL.framework in Frameworks */ = {isa = PBXBuildFile; fileRef = E6059D5A17DCA07800C6681B /* OpenGL.framework */; };
		E60B6B6817E362A500C8FEBE /* IslandData.cpp in Sources */ = {isa = PBXBuildFile; fileRef = E60B6B6617E362A500C8FEBE /* IslandData.cpp */; };
		E60B6B6917E362A500C8FEBE /* IslandData.cpp in Sources */ = {isa = PBXBuildFile; fileRef = E60B6B6617E362A500C8FEBE /* IslandData.cpp */; };
		E6166C4B17F873DB00333D8B /* Avatar0.png in Resources */ = {isa = PBXBuildFile; fileRef = E6166C3F17F873DB00333D8B /* Avatar0.png */; };
		E6166C4C17F873DB00333D8B /* Avatar1.png in Resources */ = {isa = PBXBuildFile; fileRef = E6166C4017F873DB00333D8B /* Avatar1.png */; };
		E6166C4D17F873DB00333D8B /* Choicelarge.png in Resources */ = {isa = PBXBuildFile; fileRef = E6166C4117F873DB00333D8B /* Choicelarge.png */; };
		E6166C4E17F873DB00333D8B /* Dialogue.xml in Resources */ = {isa = PBXBuildFile; fileRef = E6166C4217F873DB00333D8B /* Dialogue.xml */; };
		E6166C4F17F873DB00333D8B /* DialogueCircle.png in Resources */ = {isa = PBXBuildFile; fileRef = E6166C4317F873DB00333D8B /* DialogueCircle.png */; };
		E6166C5117F873DB00333D8B /* paper background.png in Resources */ = {isa = PBXBuildFile; fileRef = E6166C4517F873DB00333D8B /* paper background.png */; };
		E6166C5217F873DB00333D8B /* terrain_atlas.png in Resources */ = {isa = PBXBuildFile; fileRef = E6166C4617F873DB00333D8B /* terrain_atlas.png */; };
		E6166C5317F873DB00333D8B /* TestDialogue.dia in Resources */ = {isa = PBXBuildFile; fileRef = E6166C4717F873DB00333D8B /* TestDialogue.dia */; };
		E6166C5417F873DB00333D8B /* Vera.ttf in Resources */ = {isa = PBXBuildFile; fileRef = E6166C4817F873DB00333D8B /* Vera.ttf */; };
		E6166C5517F873DB00333D8B /* VeraMono.ttf in Resources */ = {isa = PBXBuildFile; fileRef = E6166C4917F873DB00333D8B /* VeraMono.ttf */; };
		E6166C5617F873DB00333D8B /* wood background.png in Resources */ = {isa = PBXBuildFile; fileRef = E6166C4A17F873DB00333D8B /* wood background.png */; };
		E6166C5817F8750200333D8B /* DialogueInterface.xml in Resources */ = {isa = PBXBuildFile; fileRef = E6166C5717F8750200333D8B /* DialogueInterface.xml */; };
		E6166C5A17F879D700333D8B /* Arial.ttf in Resources */ = {isa = PBXBuildFile; fileRef = E6166C5917F879D700333D8B /* Arial.ttf */; };
		E6166C5C17F87CCB00333D8B /* Sheep0007.png in Resources */ = {isa = PBXBuildFile; fileRef = E6166C5B17F87CCB00333D8B /* Sheep0007.png */; };
		E63EAE9417C69EC0006F1456 /* UIKit.framework in Frameworks */ = {isa = PBXBuildFile; fileRef = E63EAE9317C69EC0006F1456 /* UIKit.framework */; };
		E63EAE9617C69EC0006F1456 /* Foundation.framework in Frameworks */ = {isa = PBXBuildFile; fileRef = E63EAE9517C69EC0006F1456 /* Foundation.framework */; };
		E63EAE9817C69EC0006F1456 /* CoreGraphics.framework in Frameworks */ = {isa = PBXBuildFile; fileRef = E63EAE9717C69EC0006F1456 /* CoreGraphics.framework */; };
		E63EAE9E17C69EC0006F1456 /* InfoPlist.strings in Resources */ = {isa = PBXBuildFile; fileRef = E63EAE9C17C69EC0006F1456 /* InfoPlist.strings */; };
		E63EAEA617C69EC0006F1456 /* Default.png in Resources */ = {isa = PBXBuildFile; fileRef = E63EAEA517C69EC0006F1456 /* Default.png */; };
		E63EAEA817C69EC0006F1456 /* Default@2x.png in Resources */ = {isa = PBXBuildFile; fileRef = E63EAEA717C69EC0006F1456 /* Default@2x.png */; };
		E63EAEAA17C69EC0006F1456 /* Default-568h@2x.png in Resources */ = {isa = PBXBuildFile; fileRef = E63EAEA917C69EC0006F1456 /* Default-568h@2x.png */; };
		E63EAEC417C6A0EC006F1456 /* OpenGLES.framework in Frameworks */ = {isa = PBXBuildFile; fileRef = E63EAEC317C6A0EC006F1456 /* OpenGLES.framework */; };
		E63EAEC617C6A0F9006F1456 /* QuartzCore.framework in Frameworks */ = {isa = PBXBuildFile; fileRef = E63EAEC517C6A0F9006F1456 /* QuartzCore.framework */; };
		E63EAED917C6BFF1006F1456 /* libz.dylib in Frameworks */ = {isa = PBXBuildFile; fileRef = E63EAED817C6BFF1006F1456 /* libz.dylib */; };
		E64768D417E123170080BCAF /* libangelscript.a in Frameworks */ = {isa = PBXBuildFile; fileRef = E64768D017E122FB0080BCAF /* libangelscript.a */; };
		E6C58D5617F851BD0020F28D /* libfreetype.a in Frameworks */ = {isa = PBXBuildFile; fileRef = E6C58D5517F851BD0020F28D /* libfreetype.a */; };
		E6C58D7A17F854710020F28D /* libangelscript.a in Frameworks */ = {isa = PBXBuildFile; fileRef = E6C58D7917F854710020F28D /* libangelscript.a */; };
		E6D0BDB517CE1EBE00CAC564 /* libEngine.a in Frameworks */ = {isa = PBXBuildFile; fileRef = E6D0BDA617CE1A8400CAC564 /* libEngine.a */; };
		E6D0BDD217CE29CE00CAC564 /* Source - Copy.cpp in Sources */ = {isa = PBXBuildFile; fileRef = E6FD5FAF17CABAFA00F59339 /* Source - Copy.cpp */; };
		E6D0BE4B17CE2D1000CAC564 /* libEngine Mac.a in Frameworks */ = {isa = PBXBuildFile; fileRef = E6D0BDCA17CE1FD500CAC564 /* libEngine Mac.a */; };
		E6D0BE4E17CE2DA800CAC564 /* libz.dylib in Frameworks */ = {isa = PBXBuildFile; fileRef = E6D0BE4D17CE2DA800CAC564 /* libz.dylib */; };
		E6FD5FB017CABAFA00F59339 /* Source - Copy.cpp in Sources */ = {isa = PBXBuildFile; fileRef = E6FD5FAF17CABAFA00F59339 /* Source - Copy.cpp */; };
/* End PBXBuildFile section */

/* Begin PBXContainerItemProxy section */
		E6D0BDA517CE1A8400CAC564 /* PBXContainerItemProxy */ = {
			isa = PBXContainerItemProxy;
			containerPortal = E6D0BDA117CE1A8400CAC564 /* Engine.xcodeproj */;
			proxyType = 2;
			remoteGlobalIDString = E63EA91417C69948006F1456;
			remoteInfo = Engine;
		};
		E6D0BDC917CE1FD500CAC564 /* PBXContainerItemProxy */ = {
			isa = PBXContainerItemProxy;
			containerPortal = E6D0BDA117CE1A8400CAC564 /* Engine.xcodeproj */;
			proxyType = 2;
			remoteGlobalIDString = E6D0BDBA17CE1F6500CAC564;
			remoteInfo = "Engine Mac";
		};
/* End PBXContainerItemProxy section */

/* Begin PBXCopyFilesBuildPhase section */
		E6D0BDC017CE1FD500CAC564 /* CopyFiles */ = {
			isa = PBXCopyFilesBuildPhase;
			buildActionMask = 12;
			dstPath = "";
			dstSubfolderSpec = 16;
			files = (
			);
			runOnlyForDeploymentPostprocessing = 0;
		};
/* End PBXCopyFilesBuildPhase section */

/* Begin PBXFileReference section */
		E6059D5417DC9F0E00C6681B /* Cocoa.framework */ = {isa = PBXFileReference; lastKnownFileType = wrapper.framework; name = Cocoa.framework; path = Platforms/MacOSX.platform/Developer/SDKs/MacOSX10.8.sdk/System/Library/Frameworks/Cocoa.framework; sourceTree = DEVELOPER_DIR; };
		E6059D5817DC9F2A00C6681B /* IOKit.framework */ = {isa = PBXFileReference; lastKnownFileType = wrapper.framework; name = IOKit.framework; path = Platforms/MacOSX.platform/Developer/SDKs/MacOSX10.8.sdk/System/Library/Frameworks/IOKit.framework; sourceTree = DEVELOPER_DIR; };
		E6059D5A17DCA07800C6681B /* OpenGL.framework */ = {isa = PBXFileReference; lastKnownFileType = wrapper.framework; name = OpenGL.framework; path = Platforms/MacOSX.platform/Developer/SDKs/MacOSX10.8.sdk/System/Library/Frameworks/OpenGL.framework; sourceTree = DEVELOPER_DIR; };
		E6059DD417DCB46000C6681B /* libvorbis.a */ = {isa = PBXFileReference; lastKnownFileType = archive.ar; name = libvorbis.a; path = ../../../LunaEngine/Engine/Externals/libvorbis/lib/OSX/libvorbis.a; sourceTree = "<group>"; };
		E60B6B6617E362A500C8FEBE /* IslandData.cpp */ = {isa = PBXFileReference; fileEncoding = 4; lastKnownFileType = sourcecode.cpp.cpp; path = IslandData.cpp; sourceTree = "<group>"; };
		E60B6B6717E362A500C8FEBE /* IslandData.h */ = {isa = PBXFileReference; fileEncoding = 4; lastKnownFileType = sourcecode.c.h; path = IslandData.h; sourceTree = "<group>"; };
		E6166C3C17F86C5F00333D8B /* VillageGame.entitlements */ = {isa = PBXFileReference; lastKnownFileType = text.xml; path = VillageGame.entitlements; sourceTree = "<group>"; };
		E6166C3F17F873DB00333D8B /* Avatar0.png */ = {isa = PBXFileReference; lastKnownFileType = image.png; path = Avatar0.png; sourceTree = "<group>"; };
		E6166C4017F873DB00333D8B /* Avatar1.png */ = {isa = PBXFileReference; lastKnownFileType = image.png; path = Avatar1.png; sourceTree = "<group>"; };
		E6166C4117F873DB00333D8B /* Choicelarge.png */ = {isa = PBXFileReference; lastKnownFileType = image.png; path = Choicelarge.png; sourceTree = "<group>"; };
		E6166C4217F873DB00333D8B /* Dialogue.xml */ = {isa = PBXFileReference; fileEncoding = 4; lastKnownFileType = text.xml; path = Dialogue.xml; sourceTree = "<group>"; };
		E6166C4317F873DB00333D8B /* DialogueCircle.png */ = {isa = PBXFileReference; lastKnownFileType = image.png; path = DialogueCircle.png; sourceTree = "<group>"; };
		E6166C4517F873DB00333D8B /* paper background.png */ = {isa = PBXFileReference; lastKnownFileType = image.png; path = "paper background.png"; sourceTree = "<group>"; };
		E6166C4617F873DB00333D8B /* terrain_atlas.png */ = {isa = PBXFileReference; lastKnownFileType = image.png; path = terrain_atlas.png; sourceTree = "<group>"; };
		E6166C4717F873DB00333D8B /* TestDialogue.dia */ = {isa = PBXFileReference; fileEncoding = 4; lastKnownFileType = text; path = TestDialogue.dia; sourceTree = "<group>"; };
		E6166C4817F873DB00333D8B /* Vera.ttf */ = {isa = PBXFileReference; lastKnownFileType = file; path = Vera.ttf; sourceTree = "<group>"; };
		E6166C4917F873DB00333D8B /* VeraMono.ttf */ = {isa = PBXFileReference; lastKnownFileType = file; path = VeraMono.ttf; sourceTree = "<group>"; };
		E6166C4A17F873DB00333D8B /* wood background.png */ = {isa = PBXFileReference; lastKnownFileType = image.png; path = "wood background.png"; sourceTree = "<group>"; };
		E6166C5717F8750200333D8B /* DialogueInterface.xml */ = {isa = PBXFileReference; fileEncoding = 4; lastKnownFileType = text.xml; path = DialogueInterface.xml; sourceTree = "<group>"; };
		E6166C5917F879D700333D8B /* Arial.ttf */ = {isa = PBXFileReference; lastKnownFileType = file; path = Arial.ttf; sourceTree = "<group>"; };
		E6166C5B17F87CCB00333D8B /* Sheep0007.png */ = {isa = PBXFileReference; lastKnownFileType = image.png; path = Sheep0007.png; sourceTree = "<group>"; };
		E63EAE9017C69EC0006F1456 /* VillageGame.app */ = {isa = PBXFileReference; explicitFileType = wrapper.application; includeInIndex = 0; path = VillageGame.app; sourceTree = BUILT_PRODUCTS_DIR; };
		E63EAE9317C69EC0006F1456 /* UIKit.framework */ = {isa = PBXFileReference; lastKnownFileType = wrapper.framework; name = UIKit.framework; path = System/Library/Frameworks/UIKit.framework; sourceTree = SDKROOT; };
		E63EAE9517C69EC0006F1456 /* Foundation.framework */ = {isa = PBXFileReference; lastKnownFileType = wrapper.framework; name = Foundation.framework; path = System/Library/Frameworks/Foundation.framework; sourceTree = SDKROOT; };
		E63EAE9717C69EC0006F1456 /* CoreGraphics.framework */ = {isa = PBXFileReference; lastKnownFileType = wrapper.framework; name = CoreGraphics.framework; path = System/Library/Frameworks/CoreGraphics.framework; sourceTree = SDKROOT; };
		E63EAE9B17C69EC0006F1456 /* VillageGame-Info.plist */ = {isa = PBXFileReference; lastKnownFileType = text.plist.xml; path = "VillageGame-Info.plist"; sourceTree = "<group>"; };
		E63EAE9D17C69EC0006F1456 /* en */ = {isa = PBXFileReference; lastKnownFileType = text.plist.strings; name = en; path = en.lproj/InfoPlist.strings; sourceTree = "<group>"; };
		E63EAEA117C69EC0006F1456 /* VillageGame-Prefix.pch */ = {isa = PBXFileReference; lastKnownFileType = sourcecode.c.h; path = "VillageGame-Prefix.pch"; sourceTree = "<group>"; };
		E63EAEA517C69EC0006F1456 /* Default.png */ = {isa = PBXFileReference; lastKnownFileType = image.png; path = Default.png; sourceTree = "<group>"; };
		E63EAEA717C69EC0006F1456 /* Default@2x.png */ = {isa = PBXFileReference; lastKnownFileType = image.png; path = "Default@2x.png"; sourceTree = "<group>"; };
		E63EAEA917C69EC0006F1456 /* Default-568h@2x.png */ = {isa = PBXFileReference; lastKnownFileType = image.png; path = "Default-568h@2x.png"; sourceTree = "<group>"; };
		E63EAEC317C6A0EC006F1456 /* OpenGLES.framework */ = {isa = PBXFileReference; lastKnownFileType = wrapper.framework; name = OpenGLES.framework; path = System/Library/Frameworks/OpenGLES.framework; sourceTree = SDKROOT; };
		E63EAEC517C6A0F9006F1456 /* QuartzCore.framework */ = {isa = PBXFileReference; lastKnownFileType = wrapper.framework; name = QuartzCore.framework; path = System/Library/Frameworks/QuartzCore.framework; sourceTree = SDKROOT; };
		E63EAED817C6BFF1006F1456 /* libz.dylib */ = {isa = PBXFileReference; lastKnownFileType = "compiled.mach-o.dylib"; name = libz.dylib; path = usr/lib/libz.dylib; sourceTree = SDKROOT; };
		E64768D017E122FB0080BCAF /* libangelscript.a */ = {isa = PBXFileReference; lastKnownFileType = archive.ar; name = libangelscript.a; path = ../../../LunaEngine/Engine/Externals/AngelScript/iOS/OSX/libangelscript.a; sourceTree = "<group>"; };
		E64768D217E123000080BCAF /* libangelscriptd.a */ = {isa = PBXFileReference; lastKnownFileType = archive.ar; name = libangelscriptd.a; path = ../../../LunaEngine/Engine/Externals/AngelScript/iOS/OSX/libangelscriptd.a; sourceTree = "<group>"; };
		E6C58D5517F851BD0020F28D /* libfreetype.a */ = {isa = PBXFileReference; lastKnownFileType = archive.ar; name = libfreetype.a; path = ../../../LunaEngine/Engine/Externals/freetype2/libfreetype.a; sourceTree = "<group>"; };
		E6C58D7917F854710020F28D /* libangelscript.a */ = {isa = PBXFileReference; lastKnownFileType = archive.ar; name = libangelscript.a; path = "../../../../Library/Developer/Xcode/DerivedData/angelscript-esvhdojcldbyopdjdxbevxsvovbi/Build/Products/Release-iphoneos/libangelscript.a"; sourceTree = "<group>"; };
		E6C58D7D17F85AA20020F28D /* libz.1.1.3.dylib */ = {isa = PBXFileReference; lastKnownFileType = "compiled.mach-o.dylib"; name = libz.1.1.3.dylib; path = usr/lib/libz.1.1.3.dylib; sourceTree = SDKROOT; };
		E6D0BDA117CE1A8400CAC564 /* Engine.xcodeproj */ = {isa = PBXFileReference; lastKnownFileType = "wrapper.pb-project"; name = Engine.xcodeproj; path = ../../../LunaEngine/Projects/iOS/Engine.xcodeproj; sourceTree = "<group>"; };
		E6D0BDB317CE1EB400CAC564 /* libangelscript.a */ = {isa = PBXFileReference; lastKnownFileType = archive.ar; name = libangelscript.a; path = ../../../LunaEngine/Engine/Externals/AngelScript/iOS/libangelscript.a; sourceTree = "<group>"; };
		E6D0BDC217CE1FD500CAC564 /* VillageGame Mac */ = {isa = PBXFileReference; explicitFileType = "compiled.mach-o.executable"; includeInIndex = 0; path = "VillageGame Mac"; sourceTree = BUILT_PRODUCTS_DIR; };
		E6D0BE4D17CE2DA800CAC564 /* libz.dylib */ = {isa = PBXFileReference; lastKnownFileType = "compiled.mach-o.dylib"; name = libz.dylib; path = Platforms/MacOSX.platform/Developer/SDKs/MacOSX10.8.sdk/usr/lib/libz.dylib; sourceTree = DEVELOPER_DIR; };
		E6D0BE4F17CE2DC100CAC564 /* libangelscript.a */ = {isa = PBXFileReference; lastKnownFileType = archive.ar; name = libangelscript.a; path = ../../../LunaEngine/Engine/Externals/AngelScript/iOS/Release/libangelscript.a; sourceTree = "<group>"; };
		E6FD5FAF17CABAFA00F59339 /* Source - Copy.cpp */ = {isa = PBXFileReference; fileEncoding = 4; lastKnownFileType = sourcecode.cpp.cpp; path = "Source - Copy.cpp"; sourceTree = "<group>"; };
/* End PBXFileReference section */

/* Begin PBXFrameworksBuildPhase section */
		E63EAE8D17C69EC0006F1456 /* Frameworks */ = {
			isa = PBXFrameworksBuildPhase;
			buildActionMask = 2147483647;
			files = (
				E6D0BDB517CE1EBE00CAC564 /* libEngine.a in Frameworks */,
				E63EAED917C6BFF1006F1456 /* libz.dylib in Frameworks */,
				E63EAEC617C6A0F9006F1456 /* QuartzCore.framework in Frameworks */,
				E6C58D5617F851BD0020F28D /* libfreetype.a in Frameworks */,
				E6C58D7A17F854710020F28D /* libangelscript.a in Frameworks */,
				E63EAEC417C6A0EC006F1456 /* OpenGLES.framework in Frameworks */,
				E63EAE9417C69EC0006F1456 /* UIKit.framework in Frameworks */,
				E63EAE9617C69EC0006F1456 /* Foundation.framework in Frameworks */,
				E63EAE9817C69EC0006F1456 /* CoreGraphics.framework in Frameworks */,
			);
			runOnlyForDeploymentPostprocessing = 0;
		};
		E6D0BDBF17CE1FD500CAC564 /* Frameworks */ = {
			isa = PBXFrameworksBuildPhase;
			buildActionMask = 2147483647;
			files = (
				E6059D5B17DCA07800C6681B /* OpenGL.framework in Frameworks */,
				E6059D5917DC9F2A00C6681B /* IOKit.framework in Frameworks */,
				E64768D417E123170080BCAF /* libangelscript.a in Frameworks */,
				E6059D5517DC9F0E00C6681B /* Cocoa.framework in Frameworks */,
				E6D0BE4E17CE2DA800CAC564 /* libz.dylib in Frameworks */,
				E6D0BE4B17CE2D1000CAC564 /* libEngine Mac.a in Frameworks */,
			);
			runOnlyForDeploymentPostprocessing = 0;
		};
/* End PBXFrameworksBuildPhase section */

/* Begin PBXGroup section */
		E63EAE8717C69EC0006F1456 = {
			isa = PBXGroup;
			children = (
				E64768D217E123000080BCAF /* libangelscriptd.a */,
				E64768D017E122FB0080BCAF /* libangelscript.a */,
				E6059DD417DCB46000C6681B /* libvorbis.a */,
				E6059D5A17DCA07800C6681B /* OpenGL.framework */,
				E6059D5817DC9F2A00C6681B /* IOKit.framework */,
				E6059D5417DC9F0E00C6681B /* Cocoa.framework */,
				E6D0BE4F17CE2DC100CAC564 /* libangelscript.a */,
				E6D0BE4D17CE2DA800CAC564 /* libz.dylib */,
				E6D0BDB317CE1EB400CAC564 /* libangelscript.a */,
				E6D0BDA117CE1A8400CAC564 /* Engine.xcodeproj */,
				E63EAE9917C69EC0006F1456 /* VillageGame */,
				E63EAE9217C69EC0006F1456 /* Frameworks */,
				E63EAE9117C69EC0006F1456 /* Products */,
				E656049217CDF60C00E456A8 /* Assets */,
			);
			sourceTree = "<group>";
		};
		E63EAE9117C69EC0006F1456 /* Products */ = {
			isa = PBXGroup;
			children = (
				E63EAE9017C69EC0006F1456 /* VillageGame.app */,
				E6D0BDC217CE1FD500CAC564 /* VillageGame Mac */,
			);
			name = Products;
			sourceTree = "<group>";
		};
		E63EAE9217C69EC0006F1456 /* Frameworks */ = {
			isa = PBXGroup;
			children = (
				E6C58D7D17F85AA20020F28D /* libz.1.1.3.dylib */,
				E6C58D7917F854710020F28D /* libangelscript.a */,
				E6C58D5517F851BD0020F28D /* libfreetype.a */,
				E63EAED817C6BFF1006F1456 /* libz.dylib */,
				E63EAEC517C6A0F9006F1456 /* QuartzCore.framework */,
				E63EAEC317C6A0EC006F1456 /* OpenGLES.framework */,
				E63EAE9317C69EC0006F1456 /* UIKit.framework */,
				E63EAE9517C69EC0006F1456 /* Foundation.framework */,
				E63EAE9717C69EC0006F1456 /* CoreGraphics.framework */,
			);
			name = Frameworks;
			sourceTree = "<group>";
		};
		E63EAE9917C69EC0006F1456 /* VillageGame */ = {
			isa = PBXGroup;
			children = (
				E6166C3C17F86C5F00333D8B /* VillageGame.entitlements */,
				E6FD5FAE17CABAFA00F59339 /* Source */,
				E63EAE9A17C69EC0006F1456 /* Supporting Files */,
			);
			path = VillageGame;
			sourceTree = "<group>";
		};
		E63EAE9A17C69EC0006F1456 /* Supporting Files */ = {
			isa = PBXGroup;
			children = (
				E63EAE9B17C69EC0006F1456 /* VillageGame-Info.plist */,
				E63EAE9C17C69EC0006F1456 /* InfoPlist.strings */,
				E63EAEA117C69EC0006F1456 /* VillageGame-Prefix.pch */,
				E63EAEA517C69EC0006F1456 /* Default.png */,
				E63EAEA717C69EC0006F1456 /* Default@2x.png */,
				E63EAEA917C69EC0006F1456 /* Default-568h@2x.png */,
			);
			name = "Supporting Files";
			sourceTree = "<group>";
		};
		E656049217CDF60C00E456A8 /* Assets */ = {
			isa = PBXGroup;
			children = (
				E6166C3F17F873DB00333D8B /* Avatar0.png */,
				E6166C4017F873DB00333D8B /* Avatar1.png */,
				E6166C4117F873DB00333D8B /* Choicelarge.png */,
				E6166C4217F873DB00333D8B /* Dialogue.xml */,
				E6166C4317F873DB00333D8B /* DialogueCircle.png */,
				E6166C4517F873DB00333D8B /* paper background.png */,
				E6166C4617F873DB00333D8B /* terrain_atlas.png */,
				E6166C4717F873DB00333D8B /* TestDialogue.dia */,
				E6166C4817F873DB00333D8B /* Vera.ttf */,
				E6166C5917F879D700333D8B /* Arial.ttf */,
				E6166C4917F873DB00333D8B /* VeraMono.ttf */,
				E6166C4A17F873DB00333D8B /* wood background.png */,
				E6166C5B17F87CCB00333D8B /* Sheep0007.png */,
				E6166C5717F8750200333D8B /* DialogueInterface.xml */,
			);
			name = Assets;
			path = ../../Assets;
			sourceTree = "<group>";
		};
		E6D0BDA217CE1A8400CAC564 /* Products */ = {
			isa = PBXGroup;
			children = (
				E6D0BDA617CE1A8400CAC564 /* libEngine.a */,
				E6D0BDCA17CE1FD500CAC564 /* libEngine Mac.a */,
			);
			name = Products;
			sourceTree = "<group>";
		};
		E6FD5FAE17CABAFA00F59339 /* Source */ = {
			isa = PBXGroup;
			children = (
				E6FD5FAF17CABAFA00F59339 /* Source - Copy.cpp */,
				E60B6B6617E362A500C8FEBE /* IslandData.cpp */,
				E60B6B6717E362A500C8FEBE /* IslandData.h */,
			);
			name = Source;
			path = ../../../Source;
			sourceTree = "<group>";
		};
/* End PBXGroup section */

/* Begin PBXNativeTarget section */
		E63EAE8F17C69EC0006F1456 /* VillageGame */ = {
			isa = PBXNativeTarget;
			buildConfigurationList = E63EAEAD17C69EC0006F1456 /* Build configuration list for PBXNativeTarget "VillageGame" */;
			buildPhases = (
				E63EAE8C17C69EC0006F1456 /* Sources */,
				E63EAE8D17C69EC0006F1456 /* Frameworks */,
				E63EAE8E17C69EC0006F1456 /* Resources */,
			);
			buildRules = (
			);
			dependencies = (
			);
			name = VillageGame;
			productName = VillageGame;
			productReference = E63EAE9017C69EC0006F1456 /* VillageGame.app */;
			productType = "com.apple.product-type.application";
		};
		E6D0BDC117CE1FD500CAC564 /* VillageGame Mac */ = {
			isa = PBXNativeTarget;
			buildConfigurationList = E6D0BDCB17CE1FD500CAC564 /* Build configuration list for PBXNativeTarget "VillageGame Mac" */;
			buildPhases = (
				E6D0BDBE17CE1FD500CAC564 /* Sources */,
				E6D0BDBF17CE1FD500CAC564 /* Frameworks */,
				E6D0BDC017CE1FD500CAC564 /* CopyFiles */,
			);
			buildRules = (
			);
			dependencies = (
			);
			name = "VillageGame Mac";
			productName = "VillageGame Mac";
			productReference = E6D0BDC217CE1FD500CAC564 /* VillageGame Mac */;
			productType = "com.apple.product-type.tool";
		};
/* End PBXNativeTarget section */

/* Begin PBXProject section */
		E63EAE8817C69EC0006F1456 /* Project object */ = {
			isa = PBXProject;
			attributes = {
				LastUpgradeCheck = 0460;
				ORGANIZATIONNAME = "";
				TargetAttributes = {
					E63EAE8F17C69EC0006F1456 = {
						DevelopmentTeam = SDHFUXJM5Y;
						SystemCapabilities = {
							com.apple.iCloud = {
								enabled = 1;
							};
						};
					};
				};
			};
			buildConfigurationList = E63EAE8B17C69EC0006F1456 /* Build configuration list for PBXProject "VillageGame" */;
			compatibilityVersion = "Xcode 3.2";
			developmentRegion = English;
			hasScannedForEncodings = 0;
			knownRegions = (
				en,
			);
			mainGroup = E63EAE8717C69EC0006F1456;
			productRefGroup = E63EAE9117C69EC0006F1456 /* Products */;
			projectDirPath = "";
			projectReferences = (
				{
					ProductGroup = E6D0BDA217CE1A8400CAC564 /* Products */;
					ProjectRef = E6D0BDA117CE1A8400CAC564 /* Engine.xcodeproj */;
				},
			);
			projectRoot = "";
			targets = (
				E63EAE8F17C69EC0006F1456 /* VillageGame */,
				E6D0BDC117CE1FD500CAC564 /* VillageGame Mac */,
			);
		};
/* End PBXProject section */

/* Begin PBXReferenceProxy section */
		E6D0BDA617CE1A8400CAC564 /* libEngine.a */ = {
			isa = PBXReferenceProxy;
			fileType = archive.ar;
			path = libEngine.a;
			remoteRef = E6D0BDA517CE1A8400CAC564 /* PBXContainerItemProxy */;
			sourceTree = BUILT_PRODUCTS_DIR;
		};
		E6D0BDCA17CE1FD500CAC564 /* libEngine Mac.a */ = {
			isa = PBXReferenceProxy;
			fileType = archive.ar;
			path = "libEngine Mac.a";
			remoteRef = E6D0BDC917CE1FD500CAC564 /* PBXContainerItemProxy */;
			sourceTree = BUILT_PRODUCTS_DIR;
		};
/* End PBXReferenceProxy section */

/* Begin PBXResourcesBuildPhase section */
		E63EAE8E17C69EC0006F1456 /* Resources */ = {
			isa = PBXResourcesBuildPhase;
			buildActionMask = 2147483647;
			files = (
				E6166C5A17F879D700333D8B /* Arial.ttf in Resources */,
				E6166C4F17F873DB00333D8B /* DialogueCircle.png in Resources */,
				E6166C4B17F873DB00333D8B /* Avatar0.png in Resources */,
				E6166C5517F873DB00333D8B /* VeraMono.ttf in Resources */,
				E63EAE9E17C69EC0006F1456 /* InfoPlist.strings in Resources */,
				E63EAEA617C69EC0006F1456 /* Default.png in Resources */,
				E6166C5217F873DB00333D8B /* terrain_atlas.png in Resources */,
				E63EAEA817C69EC0006F1456 /* Default@2x.png in Resources */,
				E6166C5C17F87CCB00333D8B /* Sheep0007.png in Resources */,
				E6166C4C17F873DB00333D8B /* Avatar1.png in Resources */,
				E6166C5417F873DB00333D8B /* Vera.ttf in Resources */,
				E6166C5117F873DB00333D8B /* paper background.png in Resources */,
				E6166C4E17F873DB00333D8B /* Dialogue.xml in Resources */,
				E6166C4D17F873DB00333D8B /* Choicelarge.png in Resources */,
				E6166C5317F873DB00333D8B /* TestDialogue.dia in Resources */,
				E63EAEAA17C69EC0006F1456 /* Default-568h@2x.png in Resources */,
				E6166C5617F873DB00333D8B /* wood background.png in Resources */,
				E6166C5817F8750200333D8B /* DialogueInterface.xml in Resources */,
			);
			runOnlyForDeploymentPostprocessing = 0;
		};
/* End PBXResourcesBuildPhase section */

/* Begin PBXSourcesBuildPhase section */
		E63EAE8C17C69EC0006F1456 /* Sources */ = {
			isa = PBXSourcesBuildPhase;
			buildActionMask = 2147483647;
			files = (
				E6FD5FB017CABAFA00F59339 /* Source - Copy.cpp in Sources */,
				E60B6B6817E362A500C8FEBE /* IslandData.cpp in Sources */,
			);
			runOnlyForDeploymentPostprocessing = 0;
		};
		E6D0BDBE17CE1FD500CAC564 /* Sources */ = {
			isa = PBXSourcesBuildPhase;
			buildActionMask = 2147483647;
			files = (
				E6D0BDD217CE29CE00CAC564 /* Source - Copy.cpp in Sources */,
				E60B6B6917E362A500C8FEBE /* IslandData.cpp in Sources */,
			);
			runOnlyForDeploymentPostprocessing = 0;
		};
/* End PBXSourcesBuildPhase section */

/* Begin PBXVariantGroup section */
		E63EAE9C17C69EC0006F1456 /* InfoPlist.strings */ = {
			isa = PBXVariantGroup;
			children = (
				E63EAE9D17C69EC0006F1456 /* en */,
			);
			name = InfoPlist.strings;
			sourceTree = "<group>";
		};
/* End PBXVariantGroup section */

/* Begin XCBuildConfiguration section */
		E63EAEAB17C69EC0006F1456 /* Debug */ = {
			isa = XCBuildConfiguration;
			buildSettings = {
				ALWAYS_SEARCH_USER_PATHS = NO;
				CLANG_CXX_LANGUAGE_STANDARD = "gnu++0x";
				CLANG_CXX_LIBRARY = "libc++";
				CLANG_WARN_CONSTANT_CONVERSION = YES;
				CLANG_WARN_EMPTY_BODY = YES;
				CLANG_WARN_ENUM_CONVERSION = YES;
				CLANG_WARN_INT_CONVERSION = YES;
				CLANG_WARN__DUPLICATE_METHOD_MATCH = YES;
				CODE_SIGN_IDENTITY = "iPhone Developer: Shanee Nishry (EC5RMVS73Y)";
				"CODE_SIGN_IDENTITY[sdk=iphoneos*]" = "iPhone Developer: Shanee Nishry (EC5RMVS73Y)";
				COPY_PHASE_STRIP = NO;
				GCC_C_LANGUAGE_STANDARD = gnu99;
				GCC_DYNAMIC_NO_PIC = NO;
				GCC_OPTIMIZATION_LEVEL = 0;
				GCC_PREPROCESSOR_DEFINITIONS = (
					"NULL=0",
					_DEBUG,
					DEBUG,
				);
				GCC_SYMBOLS_PRIVATE_EXTERN = NO;
				GCC_WARN_ABOUT_RETURN_TYPE = YES;
				GCC_WARN_UNINITIALIZED_AUTOS = YES;
				GCC_WARN_UNUSED_VARIABLE = YES;
				HEADER_SEARCH_PATHS = ../../../LunaEngine/Engine;
				IPHONEOS_DEPLOYMENT_TARGET = 5.1;
				ONLY_ACTIVE_ARCH = YES;
				SDKROOT = iphoneos;
				TARGETED_DEVICE_FAMILY = "1,2";
				USER_HEADER_SEARCH_PATHS = ../../../LunaEngine/Engine;
			};
			name = Debug;
		};
		E63EAEAC17C69EC0006F1456 /* Release */ = {
			isa = XCBuildConfiguration;
			buildSettings = {
				ALWAYS_SEARCH_USER_PATHS = NO;
				CLANG_CXX_LANGUAGE_STANDARD = "gnu++0x";
				CLANG_CXX_LIBRARY = "libc++";
				CLANG_WARN_CONSTANT_CONVERSION = YES;
				CLANG_WARN_EMPTY_BODY = YES;
				CLANG_WARN_ENUM_CONVERSION = YES;
				CLANG_WARN_INT_CONVERSION = YES;
				CLANG_WARN__DUPLICATE_METHOD_MATCH = YES;
				CODE_SIGN_IDENTITY = "iPhone Developer: Shanee Nishry (EC5RMVS73Y)";
				"CODE_SIGN_IDENTITY[sdk=iphoneos*]" = "iPhone Developer: Shanee Nishry (EC5RMVS73Y)";
				COPY_PHASE_STRIP = YES;
				GCC_C_LANGUAGE_STANDARD = gnu99;
				GCC_PREPROCESSOR_DEFINITIONS = "NULL=0";
				GCC_WARN_ABOUT_RETURN_TYPE = YES;
				GCC_WARN_UNINITIALIZED_AUTOS = YES;
				GCC_WARN_UNUSED_VARIABLE = YES;
				HEADER_SEARCH_PATHS = ../../../LunaEngine/Engine;
				IPHONEOS_DEPLOYMENT_TARGET = 5.1;
				OTHER_CFLAGS = "-DNS_BLOCK_ASSERTIONS=1";
				SDKROOT = iphoneos;
				TARGETED_DEVICE_FAMILY = "1,2";
				USER_HEADER_SEARCH_PATHS = ../../../LunaEngine/Engine;
				VALIDATE_PRODUCT = YES;
			};
			name = Release;
		};
		E63EAEAE17C69EC0006F1456 /* Debug */ = {
			isa = XCBuildConfiguration;
			buildSettings = {
				ARCHS = "$(ARCHS_STANDARD)";
				CODE_SIGN_ENTITLEMENTS = VillageGame/VillageGame.entitlements;
				CODE_SIGN_IDENTITY = "iPhone Developer";
				"CODE_SIGN_IDENTITY[sdk=iphoneos*]" = "";
				GCC_PRECOMPILE_PREFIX_HEADER = YES;
				GCC_PREFIX_HEADER = "VillageGame/VillageGame-Prefix.pch";
				GCC_PREPROCESSOR_DEFINITIONS = (
					_iOS,
					"DEBUG=1",
					"NULL=0",
				);
				HEADER_SEARCH_PATHS = ../../../LunaEngine/Engine;
				INFOPLIST_FILE = "VillageGame/VillageGame-Info.plist";
				LIBRARY_SEARCH_PATHS = (
					"$(inherited)",
					"\\\"$(SRCROOT)/../../../LunaEngine/LunaEngine/Engine/Externals/AngelScript/iOS\\\"",
					"\\\"$(SRCROOT)/../../../LunaEngine/Engine/Externals/AngelScript/iOS\\\"",
					"\\\"$(SRCROOT)/../../../LunaEngine/Engine/Externals/AngelScript/iOS/OSX\\\"",
					/Users/Nishry/Documents/LunaEngine/Engine/Externals/freetype2,
					"$(USER_LIBRARY_DIR)/Developer/Xcode/DerivedData/angelscript-esvhdojcldbyopdjdxbevxsvovbi/Build/Products/Release-iphoneos",
				);
				PRODUCT_NAME = "$(TARGET_NAME)";
				PROVISIONING_PROFILE = "778E26AC-7782-4A25-B5E4-E7057711E7CB";
				WRAPPER_EXTENSION = app;
			};
			name = Debug;
		};
		E63EAEAF17C69EC0006F1456 /* Release */ = {
			isa = XCBuildConfiguration;
			buildSettings = {
				ARCHS = "$(ARCHS_STANDARD)";
				CODE_SIGN_ENTITLEMENTS = VillageGame/VillageGame.entitlements;
				CODE_SIGN_IDENTITY = "iPhone Developer";
				"CODE_SIGN_IDENTITY[sdk=iphoneos*]" = "";
				GCC_PRECOMPILE_PREFIX_HEADER = YES;
				GCC_PREFIX_HEADER = "VillageGame/VillageGame-Prefix.pch";
				GCC_PREPROCESSOR_DEFINITIONS = (
					_iOS,
					"NULL=0",
				);
				HEADER_SEARCH_PATHS = ../../../LunaEngine/Engine;
				INFOPLIST_FILE = "VillageGame/VillageGame-Info.plist";
				LIBRARY_SEARCH_PATHS = (
					"$(inherited)",
					"\\\"$(SRCROOT)/../../../LunaEngine/LunaEngine/Engine/Externals/AngelScript/iOS\\\"",
					"\\\"$(SRCROOT)/../../../LunaEngine/Engine/Externals/AngelScript/iOS\\\"",
					"\\\"$(SRCROOT)/../../../LunaEngine/Engine/Externals/AngelScript/iOS/OSX\\\"",
					/Users/Nishry/Documents/LunaEngine/Engine/Externals/freetype2,
					"$(USER_LIBRARY_DIR)/Developer/Xcode/DerivedData/angelscript-esvhdojcldbyopdjdxbevxsvovbi/Build/Products/Release-iphoneos",
				);
				PRODUCT_NAME = "$(TARGET_NAME)";
				PROVISIONING_PROFILE = "778E26AC-7782-4A25-B5E4-E7057711E7CB";
				WRAPPER_EXTENSION = app;
			};
			name = Release;
		};
		E6D0BDCC17CE1FD500CAC564 /* Debug */ = {
			isa = XCBuildConfiguration;
			buildSettings = {
				ARCHS = "$(ARCHS_STANDARD_32_BIT)";
				FRAMEWORK_SEARCH_PATHS = (
					"$(inherited)",
					"\"$(SRCROOT)/../../../LunaEngine/Engine/Externals/libvorbis/lib/OSX\"",
				);
				GCC_ENABLE_OBJC_EXCEPTIONS = YES;
				GCC_PREPROCESSOR_DEFINITIONS = (
					"DEBUG=1",
					"$(inherited)",
					_OSX,
					GLEW_STATIC,
				);
				GCC_WARN_64_TO_32_BIT_CONVERSION = YES;
				LIBRARY_SEARCH_PATHS = (
					"$(inherited)",
					"\"$(SRCROOT)/../../../LunaEngine/Engine/Externals/AngelScript/iOS\"",
					"\"$(SRCROOT)/../../../LunaEngine/Engine/Externals/AngelScript/iOS/Release\"",
					"\"$(SRCROOT)/../../../LunaEngine/Engine/Externals/AngelScript/iOS/OSX\"",
					"\"$(SRCROOT)/../../../LunaEngine/Engine/Platform/OSX/glfw\"",
					"\"$(SRCROOT)/../../../LunaEngine/Engine/Externals/libvorbis/lib/OSX\"",
				);
				MACOSX_DEPLOYMENT_TARGET = 10.8;
				PRODUCT_NAME = "$(TARGET_NAME)";
				SDKROOT = "";
			};
			name = Debug;
		};
		E6D0BDCD17CE1FD500CAC564 /* Release */ = {
			isa = XCBuildConfiguration;
			buildSettings = {
				ARCHS = "$(ARCHS_STANDARD_32_BIT)";
				DEBUG_INFORMATION_FORMAT = "dwarf-with-dsym";
				FRAMEWORK_SEARCH_PATHS = (
					"$(inherited)",
					"\"$(SRCROOT)/../../../LunaEngine/Engine/Externals/libvorbis/lib/OSX\"",
				);
				GCC_ENABLE_OBJC_EXCEPTIONS = YES;
				GCC_PREPROCESSOR_DEFINITIONS = (
					_OSX,
					GLEW_STATIC,
				);
				GCC_WARN_64_TO_32_BIT_CONVERSION = YES;
				LIBRARY_SEARCH_PATHS = (
					"$(inherited)",
					"\"$(SRCROOT)/../../../LunaEngine/Engine/Externals/AngelScript/iOS\"",
					"\"$(SRCROOT)/../../../LunaEngine/Engine/Externals/AngelScript/iOS/Release\"",
					"\"$(SRCROOT)/../../../LunaEngine/Engine/Externals/AngelScript/iOS/OSX\"",
					"\"$(SRCROOT)/../../../LunaEngine/Engine/Platform/OSX/glfw\"",
					"\"$(SRCROOT)/../../../LunaEngine/Engine/Externals/libvorbis/lib/OSX\"",
				);
				MACOSX_DEPLOYMENT_TARGET = 10.8;
				PRODUCT_NAME = "$(TARGET_NAME)";
				SDKROOT = "";
			};
			name = Release;
		};
/* End XCBuildConfiguration section */

/* Begin XCConfigurationList section */
		E63EAE8B17C69EC0006F1456 /* Build configuration list for PBXProject "VillageGame" */ = {
			isa = XCConfigurationList;
			buildConfigurations = (
				E63EAEAB17C69EC0006F1456 /* Debug */,
				E63EAEAC17C69EC0006F1456 /* Release */,
			);
			defaultConfigurationIsVisible = 0;
			defaultConfigurationName = Release;
		};
		E63EAEAD17C69EC0006F1456 /* Build configuration list for PBXNativeTarget "VillageGame" */ = {
			isa = XCConfigurationList;
			buildConfigurations = (
				E63EAEAE17C69EC0006F1456 /* Debug */,
				E63EAEAF17C69EC0006F1456 /* Release */,
			);
			defaultConfigurationIsVisible = 0;
			defaultConfigurationName = Release;
		};
		E6D0BDCB17CE1FD500CAC564 /* Build configuration list for PBXNativeTarget "VillageGame Mac" */ = {
			isa = XCConfigurationList;
			buildConfigurations = (
				E6D0BDCC17CE1FD500CAC564 /* Debug */,
				E6D0BDCD17CE1FD500CAC564 /* Release */,
			);
			defaultConfigurationIsVisible = 0;
			defaultConfigurationName = Release;
		};
/* End XCConfigurationList section */
	};
	rootObject = E63EAE8817C69EC0006F1456 /* Project object */;
}
